// !$*UTF8*$!
{
	archiveVersion = 1;
	classes = {
	};
	objectVersion = 46;
	objects = {

/* Begin PBXBuildFile section */
		1007483E1BB90F9900B80020 /* DVToolButton.m in Sources */ = {isa = PBXBuildFile; fileRef = 1007483D1BB90F9900B80020 /* DVToolButton.m */; settings = {ASSET_TAGS = (); }; };
		100748421BB90FF700B80020 /* DLTestListTableViewController.m in Sources */ = {isa = PBXBuildFile; fileRef = 100748411BB90FF700B80020 /* DLTestListTableViewController.m */; settings = {ASSET_TAGS = (); }; };
		100748461BB911D200B80020 /* DLButtonTestViewController.m in Sources */ = {isa = PBXBuildFile; fileRef = 100748451BB911D200B80020 /* DLButtonTestViewController.m */; settings = {ASSET_TAGS = (); }; };
		100748941BB913BA00B80020 /* BaseModel.m in Sources */ = {isa = PBXBuildFile; fileRef = 100748911BB913BA00B80020 /* BaseModel.m */; settings = {ASSET_TAGS = (); }; };
		100748951BB913BA00B80020 /* UploadImageInfo.m in Sources */ = {isa = PBXBuildFile; fileRef = 100748931BB913BA00B80020 /* UploadImageInfo.m */; settings = {ASSET_TAGS = (); }; };
		100749031BB9196E00B80020 /* ALCommentMethod.m in Sources */ = {isa = PBXBuildFile; fileRef = 100749001BB9196D00B80020 /* ALCommentMethod.m */; settings = {ASSET_TAGS = (); }; };
		100749041BB9196E00B80020 /* InternationalControl.m in Sources */ = {isa = PBXBuildFile; fileRef = 100749021BB9196D00B80020 /* InternationalControl.m */; settings = {ASSET_TAGS = (); }; };
		100749501BB91CDC00B80020 /* UILabel+WhiteUIDatePickerLabels.m in Sources */ = {isa = PBXBuildFile; fileRef = 100749071BB91CDC00B80020 /* UILabel+WhiteUIDatePickerLabels.m */; settings = {ASSET_TAGS = (); }; };
		100749511BB91CDC00B80020 /* NSData+Base64.m in Sources */ = {isa = PBXBuildFile; fileRef = 1007490A1BB91CDC00B80020 /* NSData+Base64.m */; settings = {ASSET_TAGS = (); }; };
		100749521BB91CDC00B80020 /* NSData+TrimReturn.m in Sources */ = {isa = PBXBuildFile; fileRef = 1007490C1BB91CDC00B80020 /* NSData+TrimReturn.m */; settings = {ASSET_TAGS = (); }; };
		100749531BB91CDC00B80020 /* NSDate+Helpers.m in Sources */ = {isa = PBXBuildFile; fileRef = 1007490F1BB91CDC00B80020 /* NSDate+Helpers.m */; settings = {ASSET_TAGS = (); }; };
		100749541BB91CDC00B80020 /* NSDate-Utilities.m in Sources */ = {isa = PBXBuildFile; fileRef = 100749111BB91CDC00B80020 /* NSDate-Utilities.m */; settings = {ASSET_TAGS = (); }; };
		100749551BB91CDC00B80020 /* NSObject+Utility.m in Sources */ = {isa = PBXBuildFile; fileRef = 100749141BB91CDC00B80020 /* NSObject+Utility.m */; settings = {ASSET_TAGS = (); }; };
		100749561BB91CDC00B80020 /* NSString+Convert.m in Sources */ = {isa = PBXBuildFile; fileRef = 100749171BB91CDC00B80020 /* NSString+Convert.m */; settings = {ASSET_TAGS = (); }; };
		100749571BB91CDC00B80020 /* NSString+Extension.m in Sources */ = {isa = PBXBuildFile; fileRef = 100749191BB91CDC00B80020 /* NSString+Extension.m */; settings = {ASSET_TAGS = (); }; };
		100749581BB91CDC00B80020 /* NSString+Helpers.m in Sources */ = {isa = PBXBuildFile; fileRef = 1007491B1BB91CDC00B80020 /* NSString+Helpers.m */; settings = {ASSET_TAGS = (); }; };
		100749591BB91CDC00B80020 /* NSString+size.m in Sources */ = {isa = PBXBuildFile; fileRef = 1007491D1BB91CDC00B80020 /* NSString+size.m */; settings = {ASSET_TAGS = (); }; };
		1007495A1BB91CDC00B80020 /* NSString+Utility.m in Sources */ = {isa = PBXBuildFile; fileRef = 1007491F1BB91CDC00B80020 /* NSString+Utility.m */; settings = {ASSET_TAGS = (); }; };
		1007495B1BB91CDC00B80020 /* NSTimer+blockSupport.m in Sources */ = {isa = PBXBuildFile; fileRef = 100749221BB91CDC00B80020 /* NSTimer+blockSupport.m */; settings = {ASSET_TAGS = (); }; };
		1007495C1BB91CDC00B80020 /* NSUserDefaults+Helpers.m in Sources */ = {isa = PBXBuildFile; fileRef = 100749251BB91CDC00B80020 /* NSUserDefaults+Helpers.m */; settings = {ASSET_TAGS = (); }; };
		1007495D1BB91CDC00B80020 /* NSUserDefaults+Value.m in Sources */ = {isa = PBXBuildFile; fileRef = 100749271BB91CDC00B80020 /* NSUserDefaults+Value.m */; settings = {ASSET_TAGS = (); }; };
		1007495E1BB91CDC00B80020 /* UIButton+Extension.m in Sources */ = {isa = PBXBuildFile; fileRef = 1007492A1BB91CDC00B80020 /* UIButton+Extension.m */; settings = {ASSET_TAGS = (); }; };
		1007495F1BB91CDC00B80020 /* UIColor+Helper.m in Sources */ = {isa = PBXBuildFile; fileRef = 1007492D1BB91CDC00B80020 /* UIColor+Helper.m */; settings = {ASSET_TAGS = (); }; };
		100749601BB91CDC00B80020 /* UIColor+Utility.m in Sources */ = {isa = PBXBuildFile; fileRef = 1007492F1BB91CDC00B80020 /* UIColor+Utility.m */; settings = {ASSET_TAGS = (); }; };
		100749611BB91CDC00B80020 /* UIFont+UserCustomFont.m in Sources */ = {isa = PBXBuildFile; fileRef = 100749321BB91CDC00B80020 /* UIFont+UserCustomFont.m */; settings = {ASSET_TAGS = (); }; };
		100749621BB91CDC00B80020 /* UIImage+Alpha.m in Sources */ = {isa = PBXBuildFile; fileRef = 100749351BB91CDC00B80020 /* UIImage+Alpha.m */; settings = {ASSET_TAGS = (); }; };
		100749631BB91CDC00B80020 /* UIImage+Draw.m in Sources */ = {isa = PBXBuildFile; fileRef = 100749371BB91CDC00B80020 /* UIImage+Draw.m */; settings = {ASSET_TAGS = (); }; };
		100749641BB91CDC00B80020 /* UIImage+Gif.m in Sources */ = {isa = PBXBuildFile; fileRef = 100749391BB91CDC00B80020 /* UIImage+Gif.m */; settings = {ASSET_TAGS = (); }; };
		100749651BB91CDC00B80020 /* UIImage+Resize.m in Sources */ = {isa = PBXBuildFile; fileRef = 1007493B1BB91CDC00B80020 /* UIImage+Resize.m */; settings = {ASSET_TAGS = (); }; };
		100749661BB91CDC00B80020 /* UIImage+RoundedCorner.m in Sources */ = {isa = PBXBuildFile; fileRef = 1007493D1BB91CDC00B80020 /* UIImage+RoundedCorner.m */; settings = {ASSET_TAGS = (); }; };
		100749671BB91CDC00B80020 /* UIImage+Scale.m in Sources */ = {isa = PBXBuildFile; fileRef = 1007493F1BB91CDC00B80020 /* UIImage+Scale.m */; settings = {ASSET_TAGS = (); }; };
		100749681BB91CDC00B80020 /* UIImage+UIImageExt.m in Sources */ = {isa = PBXBuildFile; fileRef = 100749411BB91CDC00B80020 /* UIImage+UIImageExt.m */; settings = {ASSET_TAGS = (); }; };
		100749691BB91CDC00B80020 /* UIImageResizing.m in Sources */ = {isa = PBXBuildFile; fileRef = 100749431BB91CDC00B80020 /* UIImageResizing.m */; settings = {ASSET_TAGS = (); }; };
		1007496A1BB91CDC00B80020 /* UIImageView+LBBlurredImage.m in Sources */ = {isa = PBXBuildFile; fileRef = 100749451BB91CDC00B80020 /* UIImageView+LBBlurredImage.m */; settings = {ASSET_TAGS = (); }; };
		1007496B1BB91CDC00B80020 /* UITableViewCell+MarkKeyword.m in Sources */ = {isa = PBXBuildFile; fileRef = 100749481BB91CDC00B80020 /* UITableViewCell+MarkKeyword.m */; settings = {ASSET_TAGS = (); }; };
		1007496C1BB91CDC00B80020 /* UITextField+HideKeyboard.m in Sources */ = {isa = PBXBuildFile; fileRef = 1007494B1BB91CDC00B80020 /* UITextField+HideKeyboard.m */; settings = {ASSET_TAGS = (); }; };
		1007496D1BB91CDC00B80020 /* UIView+Helpers.m in Sources */ = {isa = PBXBuildFile; fileRef = 1007494E1BB91CDC00B80020 /* UIView+Helpers.m */; settings = {ASSET_TAGS = (); }; };
		100749701BB91EAE00B80020 /* UIView+AppendDivideLine.m in Sources */ = {isa = PBXBuildFile; fileRef = 1007496F1BB91EAE00B80020 /* UIView+AppendDivideLine.m */; settings = {ASSET_TAGS = (); }; };
		1008F67F1BB4DE2900300E12 /* main.m in Sources */ = {isa = PBXBuildFile; fileRef = 1008F67E1BB4DE2900300E12 /* main.m */; };
		1008F6821BB4DE2900300E12 /* AppDelegate.m in Sources */ = {isa = PBXBuildFile; fileRef = 1008F6811BB4DE2900300E12 /* AppDelegate.m */; };
		1008F6851BB4DE2900300E12 /* ViewController.m in Sources */ = {isa = PBXBuildFile; fileRef = 1008F6841BB4DE2900300E12 /* ViewController.m */; };
		1008F6881BB4DE2900300E12 /* Main.storyboard in Resources */ = {isa = PBXBuildFile; fileRef = 1008F6861BB4DE2900300E12 /* Main.storyboard */; };
		1008F68A1BB4DE2900300E12 /* Assets.xcassets in Resources */ = {isa = PBXBuildFile; fileRef = 1008F6891BB4DE2900300E12 /* Assets.xcassets */; };
		1008F68D1BB4DE2900300E12 /* LaunchScreen.storyboard in Resources */ = {isa = PBXBuildFile; fileRef = 1008F68B1BB4DE2900300E12 /* LaunchScreen.storyboard */; };
		1008F6981BB4DE2900300E12 /* DLGenTechBuildupTests.m in Sources */ = {isa = PBXBuildFile; fileRef = 1008F6971BB4DE2900300E12 /* DLGenTechBuildupTests.m */; };
		1008F6A31BB4DE2900300E12 /* DLGenTechBuildupUITests.m in Sources */ = {isa = PBXBuildFile; fileRef = 1008F6A21BB4DE2900300E12 /* DLGenTechBuildupUITests.m */; };
		100A7BF51BBA22D900ADBCAF /* DLCollectionViewController.m in Sources */ = {isa = PBXBuildFile; fileRef = 100A7BF41BBA22D900ADBCAF /* DLCollectionViewController.m */; settings = {ASSET_TAGS = (); }; };
		100A7BFD1BBA23F800ADBCAF /* DLCollectionExampleView.m in Sources */ = {isa = PBXBuildFile; fileRef = 100A7BFC1BBA23F800ADBCAF /* DLCollectionExampleView.m */; settings = {ASSET_TAGS = (); }; };
		100A7C001BBA247D00ADBCAF /* DLCollectionExampleCell.m in Sources */ = {isa = PBXBuildFile; fileRef = 100A7BFF1BBA247D00ADBCAF /* DLCollectionExampleCell.m */; settings = {ASSET_TAGS = (); }; };
		10166D1A1BC79444001B2A70 /* NSString+Extension.m in Sources */ = {isa = PBXBuildFile; fileRef = 10166D0B1BC79444001B2A70 /* NSString+Extension.m */; settings = {ASSET_TAGS = (); }; };
		10166D1B1BC79444001B2A70 /* trade.bundle in Resources */ = {isa = PBXBuildFile; fileRef = 10166D0D1BC79444001B2A70 /* trade.bundle */; settings = {ASSET_TAGS = (); }; };
		10166D1C1BC79444001B2A70 /* UIAlertView+Quick.m in Sources */ = {isa = PBXBuildFile; fileRef = 10166D0F1BC79444001B2A70 /* UIAlertView+Quick.m */; settings = {ASSET_TAGS = (); }; };
		10166D1D1BC79444001B2A70 /* UIView+Extension.m in Sources */ = {isa = PBXBuildFile; fileRef = 10166D111BC79444001B2A70 /* UIView+Extension.m */; settings = {ASSET_TAGS = (); }; };
		10166D1E1BC79444001B2A70 /* ZCAudioTool.m in Sources */ = {isa = PBXBuildFile; fileRef = 10166D131BC79444001B2A70 /* ZCAudioTool.m */; settings = {ASSET_TAGS = (); }; };
		10166D1F1BC79444001B2A70 /* ZCTradeInputView.m in Sources */ = {isa = PBXBuildFile; fileRef = 10166D151BC79444001B2A70 /* ZCTradeInputView.m */; settings = {ASSET_TAGS = (); }; };
		10166D201BC79444001B2A70 /* ZCTradeKeyboard.m in Sources */ = {isa = PBXBuildFile; fileRef = 10166D171BC79444001B2A70 /* ZCTradeKeyboard.m */; settings = {ASSET_TAGS = (); }; };
		10166D211BC79444001B2A70 /* ZCTradeView.m in Sources */ = {isa = PBXBuildFile; fileRef = 10166D191BC79444001B2A70 /* ZCTradeView.m */; settings = {ASSET_TAGS = (); }; };
		109883451BBA5C5400310F7B /* UIImage+dl.m in Sources */ = {isa = PBXBuildFile; fileRef = 109883441BBA5C5400310F7B /* UIImage+dl.m */; settings = {ASSET_TAGS = (); }; };
		1098834C1BBA8CCD00310F7B /* UINavigationBar+dl.m in Sources */ = {isa = PBXBuildFile; fileRef = 1098834B1BBA8CCD00310F7B /* UINavigationBar+dl.m */; settings = {ASSET_TAGS = (); }; };
		10C614E51BCD211D00E6B7D7 /* DLVedioTool.m in Sources */ = {isa = PBXBuildFile; fileRef = 10C614E41BCD211D00E6B7D7 /* DLVedioTool.m */; settings = {ASSET_TAGS = (); }; };
		10C614EC1BCD249900E6B7D7 /* DVCusVideoPlayerView.m in Sources */ = {isa = PBXBuildFile; fileRef = 10C614EB1BCD249900E6B7D7 /* DVCusVideoPlayerView.m */; settings = {ASSET_TAGS = (); }; };
		10C614F31BCD276B00E6B7D7 /* ALUITool.m in Sources */ = {isa = PBXBuildFile; fileRef = 10C614F11BCD276B00E6B7D7 /* ALUITool.m */; settings = {ASSET_TAGS = (); }; };
		10C614F61BCD281100E6B7D7 /* UIView+AppendDivideLine.m in Sources */ = {isa = PBXBuildFile; fileRef = 10C614F51BCD281100E6B7D7 /* UIView+AppendDivideLine.m */; settings = {ASSET_TAGS = (); }; };
		10F530701BB52A7300189AB8 /* DLBasiceAppearanceSettingTool.m in Sources */ = {isa = PBXBuildFile; fileRef = 10F5306F1BB52A7300189AB8 /* DLBasiceAppearanceSettingTool.m */; settings = {ASSET_TAGS = (); }; };
		10F530741BB52B1200189AB8 /* UIColor+Utility.m in Sources */ = {isa = PBXBuildFile; fileRef = 10F530731BB52B1200189AB8 /* UIColor+Utility.m */; settings = {ASSET_TAGS = (); }; };
		10F530851BB52BCD00189AB8 /* YMBaseDataModel.m in Sources */ = {isa = PBXBuildFile; fileRef = 10F530791BB52BCD00189AB8 /* YMBaseDataModel.m */; settings = {ASSET_TAGS = (); }; };
		10F530861BB52BCD00189AB8 /* YMCategory.m in Sources */ = {isa = PBXBuildFile; fileRef = 10F5307B1BB52BCD00189AB8 /* YMCategory.m */; settings = {ASSET_TAGS = (); }; };
		10F530891BB52BCD00189AB8 /* YMPulsingHaloLayer.m in Sources */ = {isa = PBXBuildFile; fileRef = 10F530811BB52BCD00189AB8 /* YMPulsingHaloLayer.m */; settings = {ASSET_TAGS = (); }; };
		10F5308A1BB52BCD00189AB8 /* YMUtils.m in Sources */ = {isa = PBXBuildFile; fileRef = 10F530831BB52BCD00189AB8 /* YMUtils.m */; settings = {ASSET_TAGS = (); }; };
		709699E3F5886C5B3FC28731 /* libPods.a in Frameworks */ = {isa = PBXBuildFile; fileRef = F895EE1CDD1D05B335394220 /* libPods.a */; };
/* End PBXBuildFile section */

/* Begin PBXContainerItemProxy section */
		1008F6941BB4DE2900300E12 /* PBXContainerItemProxy */ = {
			isa = PBXContainerItemProxy;
			containerPortal = 1008F6721BB4DE2900300E12 /* Project object */;
			proxyType = 1;
			remoteGlobalIDString = 1008F6791BB4DE2900300E12;
			remoteInfo = DLGenTechBuildup;
		};
		1008F69F1BB4DE2900300E12 /* PBXContainerItemProxy */ = {
			isa = PBXContainerItemProxy;
			containerPortal = 1008F6721BB4DE2900300E12 /* Project object */;
			proxyType = 1;
			remoteGlobalIDString = 1008F6791BB4DE2900300E12;
			remoteInfo = DLGenTechBuildup;
		};
/* End PBXContainerItemProxy section */

/* Begin PBXFileReference section */
		1007483C1BB90F9900B80020 /* DVToolButton.h */ = {isa = PBXFileReference; fileEncoding = 4; lastKnownFileType = sourcecode.c.h; path = DVToolButton.h; sourceTree = "<group>"; };
		1007483D1BB90F9900B80020 /* DVToolButton.m */ = {isa = PBXFileReference; fileEncoding = 4; lastKnownFileType = sourcecode.c.objc; path = DVToolButton.m; sourceTree = "<group>"; };
		100748401BB90FF700B80020 /* DLTestListTableViewController.h */ = {isa = PBXFileReference; fileEncoding = 4; lastKnownFileType = sourcecode.c.h; path = DLTestListTableViewController.h; sourceTree = "<group>"; };
		100748411BB90FF700B80020 /* DLTestListTableViewController.m */ = {isa = PBXFileReference; fileEncoding = 4; lastKnownFileType = sourcecode.c.objc; path = DLTestListTableViewController.m; sourceTree = "<group>"; };
		100748441BB911D200B80020 /* DLButtonTestViewController.h */ = {isa = PBXFileReference; fileEncoding = 4; lastKnownFileType = sourcecode.c.h; path = DLButtonTestViewController.h; sourceTree = "<group>"; };
		100748451BB911D200B80020 /* DLButtonTestViewController.m */ = {isa = PBXFileReference; fileEncoding = 4; lastKnownFileType = sourcecode.c.objc; path = DLButtonTestViewController.m; sourceTree = "<group>"; };
		100748901BB913BA00B80020 /* BaseModel.h */ = {isa = PBXFileReference; fileEncoding = 4; lastKnownFileType = sourcecode.c.h; path = BaseModel.h; sourceTree = "<group>"; };
		100748911BB913BA00B80020 /* BaseModel.m */ = {isa = PBXFileReference; fileEncoding = 4; lastKnownFileType = sourcecode.c.objc; path = BaseModel.m; sourceTree = "<group>"; };
		100748921BB913BA00B80020 /* UploadImageInfo.h */ = {isa = PBXFileReference; fileEncoding = 4; lastKnownFileType = sourcecode.c.h; path = UploadImageInfo.h; sourceTree = "<group>"; };
		100748931BB913BA00B80020 /* UploadImageInfo.m */ = {isa = PBXFileReference; fileEncoding = 4; lastKnownFileType = sourcecode.c.objc; path = UploadImageInfo.m; sourceTree = "<group>"; };
		100748961BB916B100B80020 /* ALCategoryHeader.h */ = {isa = PBXFileReference; fileEncoding = 4; lastKnownFileType = sourcecode.c.h; path = ALCategoryHeader.h; sourceTree = "<group>"; };
		100748FF1BB9196D00B80020 /* ALCommentMethod.h */ = {isa = PBXFileReference; fileEncoding = 4; lastKnownFileType = sourcecode.c.h; path = ALCommentMethod.h; sourceTree = "<group>"; };
		100749001BB9196D00B80020 /* ALCommentMethod.m */ = {isa = PBXFileReference; fileEncoding = 4; lastKnownFileType = sourcecode.c.objc; path = ALCommentMethod.m; sourceTree = "<group>"; };
		100749011BB9196D00B80020 /* InternationalControl.h */ = {isa = PBXFileReference; fileEncoding = 4; lastKnownFileType = sourcecode.c.h; path = InternationalControl.h; sourceTree = "<group>"; };
		100749021BB9196D00B80020 /* InternationalControl.m */ = {isa = PBXFileReference; fileEncoding = 4; lastKnownFileType = sourcecode.c.objc; path = InternationalControl.m; sourceTree = "<group>"; };
		100749061BB91CDC00B80020 /* UILabel+WhiteUIDatePickerLabels.h */ = {isa = PBXFileReference; fileEncoding = 4; lastKnownFileType = sourcecode.c.h; path = "UILabel+WhiteUIDatePickerLabels.h"; sourceTree = "<group>"; };
		100749071BB91CDC00B80020 /* UILabel+WhiteUIDatePickerLabels.m */ = {isa = PBXFileReference; fileEncoding = 4; lastKnownFileType = sourcecode.c.objc; path = "UILabel+WhiteUIDatePickerLabels.m"; sourceTree = "<group>"; };
		100749091BB91CDC00B80020 /* NSData+Base64.h */ = {isa = PBXFileReference; fileEncoding = 4; lastKnownFileType = sourcecode.c.h; path = "NSData+Base64.h"; sourceTree = "<group>"; };
		1007490A1BB91CDC00B80020 /* NSData+Base64.m */ = {isa = PBXFileReference; fileEncoding = 4; lastKnownFileType = sourcecode.c.objc; path = "NSData+Base64.m"; sourceTree = "<group>"; };
		1007490B1BB91CDC00B80020 /* NSData+TrimReturn.h */ = {isa = PBXFileReference; fileEncoding = 4; lastKnownFileType = sourcecode.c.h; path = "NSData+TrimReturn.h"; sourceTree = "<group>"; };
		1007490C1BB91CDC00B80020 /* NSData+TrimReturn.m */ = {isa = PBXFileReference; fileEncoding = 4; lastKnownFileType = sourcecode.c.objc; path = "NSData+TrimReturn.m"; sourceTree = "<group>"; };
		1007490E1BB91CDC00B80020 /* NSDate+Helpers.h */ = {isa = PBXFileReference; fileEncoding = 4; lastKnownFileType = sourcecode.c.h; path = "NSDate+Helpers.h"; sourceTree = "<group>"; };
		1007490F1BB91CDC00B80020 /* NSDate+Helpers.m */ = {isa = PBXFileReference; fileEncoding = 4; lastKnownFileType = sourcecode.c.objc; path = "NSDate+Helpers.m"; sourceTree = "<group>"; };
		100749101BB91CDC00B80020 /* NSDate-Utilities.h */ = {isa = PBXFileReference; fileEncoding = 4; lastKnownFileType = sourcecode.c.h; path = "NSDate-Utilities.h"; sourceTree = "<group>"; };
		100749111BB91CDC00B80020 /* NSDate-Utilities.m */ = {isa = PBXFileReference; fileEncoding = 4; lastKnownFileType = sourcecode.c.objc; path = "NSDate-Utilities.m"; sourceTree = "<group>"; };
		100749131BB91CDC00B80020 /* NSObject+Utility.h */ = {isa = PBXFileReference; fileEncoding = 4; lastKnownFileType = sourcecode.c.h; path = "NSObject+Utility.h"; sourceTree = "<group>"; };
		100749141BB91CDC00B80020 /* NSObject+Utility.m */ = {isa = PBXFileReference; fileEncoding = 4; lastKnownFileType = sourcecode.c.objc; path = "NSObject+Utility.m"; sourceTree = "<group>"; };
		100749161BB91CDC00B80020 /* NSString+Convert.h */ = {isa = PBXFileReference; fileEncoding = 4; lastKnownFileType = sourcecode.c.h; path = "NSString+Convert.h"; sourceTree = "<group>"; };
		100749171BB91CDC00B80020 /* NSString+Convert.m */ = {isa = PBXFileReference; fileEncoding = 4; lastKnownFileType = sourcecode.c.objc; path = "NSString+Convert.m"; sourceTree = "<group>"; };
		100749181BB91CDC00B80020 /* NSString+Extension.h */ = {isa = PBXFileReference; fileEncoding = 4; lastKnownFileType = sourcecode.c.h; path = "NSString+Extension.h"; sourceTree = "<group>"; };
		100749191BB91CDC00B80020 /* NSString+Extension.m */ = {isa = PBXFileReference; fileEncoding = 4; lastKnownFileType = sourcecode.c.objc; path = "NSString+Extension.m"; sourceTree = "<group>"; };
		1007491A1BB91CDC00B80020 /* NSString+Helpers.h */ = {isa = PBXFileReference; fileEncoding = 4; lastKnownFileType = sourcecode.c.h; path = "NSString+Helpers.h"; sourceTree = "<group>"; };
		1007491B1BB91CDC00B80020 /* NSString+Helpers.m */ = {isa = PBXFileReference; fileEncoding = 4; lastKnownFileType = sourcecode.c.objc; path = "NSString+Helpers.m"; sourceTree = "<group>"; };
		1007491C1BB91CDC00B80020 /* NSString+size.h */ = {isa = PBXFileReference; fileEncoding = 4; lastKnownFileType = sourcecode.c.h; path = "NSString+size.h"; sourceTree = "<group>"; };
		1007491D1BB91CDC00B80020 /* NSString+size.m */ = {isa = PBXFileReference; fileEncoding = 4; lastKnownFileType = sourcecode.c.objc; path = "NSString+size.m"; sourceTree = "<group>"; };
		1007491E1BB91CDC00B80020 /* NSString+Utility.h */ = {isa = PBXFileReference; fileEncoding = 4; lastKnownFileType = sourcecode.c.h; path = "NSString+Utility.h"; sourceTree = "<group>"; };
		1007491F1BB91CDC00B80020 /* NSString+Utility.m */ = {isa = PBXFileReference; fileEncoding = 4; lastKnownFileType = sourcecode.c.objc; path = "NSString+Utility.m"; sourceTree = "<group>"; };
		100749211BB91CDC00B80020 /* NSTimer+blockSupport.h */ = {isa = PBXFileReference; fileEncoding = 4; lastKnownFileType = sourcecode.c.h; path = "NSTimer+blockSupport.h"; sourceTree = "<group>"; };
		100749221BB91CDC00B80020 /* NSTimer+blockSupport.m */ = {isa = PBXFileReference; fileEncoding = 4; lastKnownFileType = sourcecode.c.objc; path = "NSTimer+blockSupport.m"; sourceTree = "<group>"; };
		100749241BB91CDC00B80020 /* NSUserDefaults+Helpers.h */ = {isa = PBXFileReference; fileEncoding = 4; lastKnownFileType = sourcecode.c.h; path = "NSUserDefaults+Helpers.h"; sourceTree = "<group>"; };
		100749251BB91CDC00B80020 /* NSUserDefaults+Helpers.m */ = {isa = PBXFileReference; fileEncoding = 4; lastKnownFileType = sourcecode.c.objc; path = "NSUserDefaults+Helpers.m"; sourceTree = "<group>"; };
		100749261BB91CDC00B80020 /* NSUserDefaults+Value.h */ = {isa = PBXFileReference; fileEncoding = 4; lastKnownFileType = sourcecode.c.h; path = "NSUserDefaults+Value.h"; sourceTree = "<group>"; };
		100749271BB91CDC00B80020 /* NSUserDefaults+Value.m */ = {isa = PBXFileReference; fileEncoding = 4; lastKnownFileType = sourcecode.c.objc; path = "NSUserDefaults+Value.m"; sourceTree = "<group>"; };
		100749291BB91CDC00B80020 /* UIButton+Extension.h */ = {isa = PBXFileReference; fileEncoding = 4; lastKnownFileType = sourcecode.c.h; path = "UIButton+Extension.h"; sourceTree = "<group>"; };
		1007492A1BB91CDC00B80020 /* UIButton+Extension.m */ = {isa = PBXFileReference; fileEncoding = 4; lastKnownFileType = sourcecode.c.objc; path = "UIButton+Extension.m"; sourceTree = "<group>"; };
		1007492C1BB91CDC00B80020 /* UIColor+Helper.h */ = {isa = PBXFileReference; fileEncoding = 4; lastKnownFileType = sourcecode.c.h; path = "UIColor+Helper.h"; sourceTree = "<group>"; };
		1007492D1BB91CDC00B80020 /* UIColor+Helper.m */ = {isa = PBXFileReference; fileEncoding = 4; lastKnownFileType = sourcecode.c.objc; path = "UIColor+Helper.m"; sourceTree = "<group>"; };
		1007492E1BB91CDC00B80020 /* UIColor+Utility.h */ = {isa = PBXFileReference; fileEncoding = 4; lastKnownFileType = sourcecode.c.h; path = "UIColor+Utility.h"; sourceTree = "<group>"; };
		1007492F1BB91CDC00B80020 /* UIColor+Utility.m */ = {isa = PBXFileReference; fileEncoding = 4; lastKnownFileType = sourcecode.c.objc; path = "UIColor+Utility.m"; sourceTree = "<group>"; };
		100749311BB91CDC00B80020 /* UIFont+UserCustomFont.h */ = {isa = PBXFileReference; fileEncoding = 4; lastKnownFileType = sourcecode.c.h; path = "UIFont+UserCustomFont.h"; sourceTree = "<group>"; };
		100749321BB91CDC00B80020 /* UIFont+UserCustomFont.m */ = {isa = PBXFileReference; fileEncoding = 4; lastKnownFileType = sourcecode.c.objc; path = "UIFont+UserCustomFont.m"; sourceTree = "<group>"; };
		100749341BB91CDC00B80020 /* UIImage+Alpha.h */ = {isa = PBXFileReference; fileEncoding = 4; lastKnownFileType = sourcecode.c.h; path = "UIImage+Alpha.h"; sourceTree = "<group>"; };
		100749351BB91CDC00B80020 /* UIImage+Alpha.m */ = {isa = PBXFileReference; fileEncoding = 4; lastKnownFileType = sourcecode.c.objc; path = "UIImage+Alpha.m"; sourceTree = "<group>"; };
		100749361BB91CDC00B80020 /* UIImage+Draw.h */ = {isa = PBXFileReference; fileEncoding = 4; lastKnownFileType = sourcecode.c.h; path = "UIImage+Draw.h"; sourceTree = "<group>"; };
		100749371BB91CDC00B80020 /* UIImage+Draw.m */ = {isa = PBXFileReference; fileEncoding = 4; lastKnownFileType = sourcecode.c.objc; path = "UIImage+Draw.m"; sourceTree = "<group>"; };
		100749381BB91CDC00B80020 /* UIImage+Gif.h */ = {isa = PBXFileReference; fileEncoding = 4; lastKnownFileType = sourcecode.c.h; path = "UIImage+Gif.h"; sourceTree = "<group>"; };
		100749391BB91CDC00B80020 /* UIImage+Gif.m */ = {isa = PBXFileReference; fileEncoding = 4; lastKnownFileType = sourcecode.c.objc; path = "UIImage+Gif.m"; sourceTree = "<group>"; };
		1007493A1BB91CDC00B80020 /* UIImage+Resize.h */ = {isa = PBXFileReference; fileEncoding = 4; lastKnownFileType = sourcecode.c.h; path = "UIImage+Resize.h"; sourceTree = "<group>"; };
		1007493B1BB91CDC00B80020 /* UIImage+Resize.m */ = {isa = PBXFileReference; fileEncoding = 4; lastKnownFileType = sourcecode.c.objc; path = "UIImage+Resize.m"; sourceTree = "<group>"; };
		1007493C1BB91CDC00B80020 /* UIImage+RoundedCorner.h */ = {isa = PBXFileReference; fileEncoding = 4; lastKnownFileType = sourcecode.c.h; path = "UIImage+RoundedCorner.h"; sourceTree = "<group>"; };
		1007493D1BB91CDC00B80020 /* UIImage+RoundedCorner.m */ = {isa = PBXFileReference; fileEncoding = 4; lastKnownFileType = sourcecode.c.objc; path = "UIImage+RoundedCorner.m"; sourceTree = "<group>"; };
		1007493E1BB91CDC00B80020 /* UIImage+Scale.h */ = {isa = PBXFileReference; fileEncoding = 4; lastKnownFileType = sourcecode.c.h; path = "UIImage+Scale.h"; sourceTree = "<group>"; };
		1007493F1BB91CDC00B80020 /* UIImage+Scale.m */ = {isa = PBXFileReference; fileEncoding = 4; lastKnownFileType = sourcecode.c.objc; path = "UIImage+Scale.m"; sourceTree = "<group>"; };
		100749401BB91CDC00B80020 /* UIImage+UIImageExt.h */ = {isa = PBXFileReference; fileEncoding = 4; lastKnownFileType = sourcecode.c.h; path = "UIImage+UIImageExt.h"; sourceTree = "<group>"; };
		100749411BB91CDC00B80020 /* UIImage+UIImageExt.m */ = {isa = PBXFileReference; fileEncoding = 4; lastKnownFileType = sourcecode.c.objc; path = "UIImage+UIImageExt.m"; sourceTree = "<group>"; };
		100749421BB91CDC00B80020 /* UIImageResizing.h */ = {isa = PBXFileReference; fileEncoding = 4; lastKnownFileType = sourcecode.c.h; path = UIImageResizing.h; sourceTree = "<group>"; };
		100749431BB91CDC00B80020 /* UIImageResizing.m */ = {isa = PBXFileReference; fileEncoding = 4; lastKnownFileType = sourcecode.c.objc; path = UIImageResizing.m; sourceTree = "<group>"; };
		100749441BB91CDC00B80020 /* UIImageView+LBBlurredImage.h */ = {isa = PBXFileReference; fileEncoding = 4; lastKnownFileType = sourcecode.c.h; path = "UIImageView+LBBlurredImage.h"; sourceTree = "<group>"; };
		100749451BB91CDC00B80020 /* UIImageView+LBBlurredImage.m */ = {isa = PBXFileReference; fileEncoding = 4; lastKnownFileType = sourcecode.c.objc; path = "UIImageView+LBBlurredImage.m"; sourceTree = "<group>"; };
		100749471BB91CDC00B80020 /* UITableViewCell+MarkKeyword.h */ = {isa = PBXFileReference; fileEncoding = 4; lastKnownFileType = sourcecode.c.h; path = "UITableViewCell+MarkKeyword.h"; sourceTree = "<group>"; };
		100749481BB91CDC00B80020 /* UITableViewCell+MarkKeyword.m */ = {isa = PBXFileReference; fileEncoding = 4; lastKnownFileType = sourcecode.c.objc; path = "UITableViewCell+MarkKeyword.m"; sourceTree = "<group>"; };
		1007494A1BB91CDC00B80020 /* UITextField+HideKeyboard.h */ = {isa = PBXFileReference; fileEncoding = 4; lastKnownFileType = sourcecode.c.h; path = "UITextField+HideKeyboard.h"; sourceTree = "<group>"; };
		1007494B1BB91CDC00B80020 /* UITextField+HideKeyboard.m */ = {isa = PBXFileReference; fileEncoding = 4; lastKnownFileType = sourcecode.c.objc; path = "UITextField+HideKeyboard.m"; sourceTree = "<group>"; };
		1007494D1BB91CDC00B80020 /* UIView+Helpers.h */ = {isa = PBXFileReference; fileEncoding = 4; lastKnownFileType = sourcecode.c.h; path = "UIView+Helpers.h"; sourceTree = "<group>"; };
		1007494E1BB91CDC00B80020 /* UIView+Helpers.m */ = {isa = PBXFileReference; fileEncoding = 4; lastKnownFileType = sourcecode.c.objc; path = "UIView+Helpers.m"; sourceTree = "<group>"; };
		1007496E1BB91EAE00B80020 /* UIView+AppendDivideLine.h */ = {isa = PBXFileReference; fileEncoding = 4; lastKnownFileType = sourcecode.c.h; path = "UIView+AppendDivideLine.h"; sourceTree = "<group>"; };
		1007496F1BB91EAE00B80020 /* UIView+AppendDivideLine.m */ = {isa = PBXFileReference; fileEncoding = 4; lastKnownFileType = sourcecode.c.objc; path = "UIView+AppendDivideLine.m"; sourceTree = "<group>"; };
		1008F67A1BB4DE2900300E12 /* DLGenTechBuildup.app */ = {isa = PBXFileReference; explicitFileType = wrapper.application; includeInIndex = 0; path = DLGenTechBuildup.app; sourceTree = BUILT_PRODUCTS_DIR; };
		1008F67E1BB4DE2900300E12 /* main.m */ = {isa = PBXFileReference; lastKnownFileType = sourcecode.c.objc; path = main.m; sourceTree = "<group>"; };
		1008F6801BB4DE2900300E12 /* AppDelegate.h */ = {isa = PBXFileReference; lastKnownFileType = sourcecode.c.h; path = AppDelegate.h; sourceTree = "<group>"; };
		1008F6811BB4DE2900300E12 /* AppDelegate.m */ = {isa = PBXFileReference; lastKnownFileType = sourcecode.c.objc; path = AppDelegate.m; sourceTree = "<group>"; };
		1008F6831BB4DE2900300E12 /* ViewController.h */ = {isa = PBXFileReference; lastKnownFileType = sourcecode.c.h; path = ViewController.h; sourceTree = "<group>"; };
		1008F6841BB4DE2900300E12 /* ViewController.m */ = {isa = PBXFileReference; lastKnownFileType = sourcecode.c.objc; path = ViewController.m; sourceTree = "<group>"; };
		1008F6871BB4DE2900300E12 /* Base */ = {isa = PBXFileReference; lastKnownFileType = file.storyboard; name = Base; path = Base.lproj/Main.storyboard; sourceTree = "<group>"; };
		1008F6891BB4DE2900300E12 /* Assets.xcassets */ = {isa = PBXFileReference; lastKnownFileType = folder.assetcatalog; path = Assets.xcassets; sourceTree = "<group>"; };
		1008F68C1BB4DE2900300E12 /* Base */ = {isa = PBXFileReference; lastKnownFileType = file.storyboard; name = Base; path = Base.lproj/LaunchScreen.storyboard; sourceTree = "<group>"; };
		1008F68E1BB4DE2900300E12 /* Info.plist */ = {isa = PBXFileReference; lastKnownFileType = text.plist.xml; path = Info.plist; sourceTree = "<group>"; };
		1008F6931BB4DE2900300E12 /* DLGenTechBuildupTests.xctest */ = {isa = PBXFileReference; explicitFileType = wrapper.cfbundle; includeInIndex = 0; path = DLGenTechBuildupTests.xctest; sourceTree = BUILT_PRODUCTS_DIR; };
		1008F6971BB4DE2900300E12 /* DLGenTechBuildupTests.m */ = {isa = PBXFileReference; lastKnownFileType = sourcecode.c.objc; path = DLGenTechBuildupTests.m; sourceTree = "<group>"; };
		1008F6991BB4DE2900300E12 /* Info.plist */ = {isa = PBXFileReference; lastKnownFileType = text.plist.xml; path = Info.plist; sourceTree = "<group>"; };
		1008F69E1BB4DE2900300E12 /* DLGenTechBuildupUITests.xctest */ = {isa = PBXFileReference; explicitFileType = wrapper.cfbundle; includeInIndex = 0; path = DLGenTechBuildupUITests.xctest; sourceTree = BUILT_PRODUCTS_DIR; };
		1008F6A21BB4DE2900300E12 /* DLGenTechBuildupUITests.m */ = {isa = PBXFileReference; lastKnownFileType = sourcecode.c.objc; path = DLGenTechBuildupUITests.m; sourceTree = "<group>"; };
		1008F6A41BB4DE2900300E12 /* Info.plist */ = {isa = PBXFileReference; lastKnownFileType = text.plist.xml; path = Info.plist; sourceTree = "<group>"; };
		100A7BF31BBA22D900ADBCAF /* DLCollectionViewController.h */ = {isa = PBXFileReference; fileEncoding = 4; lastKnownFileType = sourcecode.c.h; path = DLCollectionViewController.h; sourceTree = "<group>"; };
		100A7BF41BBA22D900ADBCAF /* DLCollectionViewController.m */ = {isa = PBXFileReference; fileEncoding = 4; lastKnownFileType = sourcecode.c.objc; path = DLCollectionViewController.m; sourceTree = "<group>"; };
		100A7BFB1BBA23F800ADBCAF /* DLCollectionExampleView.h */ = {isa = PBXFileReference; fileEncoding = 4; lastKnownFileType = sourcecode.c.h; path = DLCollectionExampleView.h; sourceTree = "<group>"; };
		100A7BFC1BBA23F800ADBCAF /* DLCollectionExampleView.m */ = {isa = PBXFileReference; fileEncoding = 4; lastKnownFileType = sourcecode.c.objc; path = DLCollectionExampleView.m; sourceTree = "<group>"; };
		100A7BFE1BBA247D00ADBCAF /* DLCollectionExampleCell.h */ = {isa = PBXFileReference; fileEncoding = 4; lastKnownFileType = sourcecode.c.h; path = DLCollectionExampleCell.h; sourceTree = "<group>"; };
		100A7BFF1BBA247D00ADBCAF /* DLCollectionExampleCell.m */ = {isa = PBXFileReference; fileEncoding = 4; lastKnownFileType = sourcecode.c.objc; path = DLCollectionExampleCell.m; sourceTree = "<group>"; };
		10166D0A1BC79444001B2A70 /* NSString+Extension.h */ = {isa = PBXFileReference; fileEncoding = 4; lastKnownFileType = sourcecode.c.h; path = "NSString+Extension.h"; sourceTree = "<group>"; };
		10166D0B1BC79444001B2A70 /* NSString+Extension.m */ = {isa = PBXFileReference; fileEncoding = 4; lastKnownFileType = sourcecode.c.objc; path = "NSString+Extension.m"; sourceTree = "<group>"; };
		10166D0C1BC79444001B2A70 /* Singleton.h */ = {isa = PBXFileReference; fileEncoding = 4; lastKnownFileType = sourcecode.c.h; path = Singleton.h; sourceTree = "<group>"; };
		10166D0D1BC79444001B2A70 /* trade.bundle */ = {isa = PBXFileReference; lastKnownFileType = "wrapper.plug-in"; path = trade.bundle; sourceTree = "<group>"; };
		10166D0E1BC79444001B2A70 /* UIAlertView+Quick.h */ = {isa = PBXFileReference; fileEncoding = 4; lastKnownFileType = sourcecode.c.h; path = "UIAlertView+Quick.h"; sourceTree = "<group>"; };
		10166D0F1BC79444001B2A70 /* UIAlertView+Quick.m */ = {isa = PBXFileReference; fileEncoding = 4; lastKnownFileType = sourcecode.c.objc; path = "UIAlertView+Quick.m"; sourceTree = "<group>"; };
		10166D101BC79444001B2A70 /* UIView+Extension.h */ = {isa = PBXFileReference; fileEncoding = 4; lastKnownFileType = sourcecode.c.h; path = "UIView+Extension.h"; sourceTree = "<group>"; };
		10166D111BC79444001B2A70 /* UIView+Extension.m */ = {isa = PBXFileReference; fileEncoding = 4; lastKnownFileType = sourcecode.c.objc; path = "UIView+Extension.m"; sourceTree = "<group>"; };
		10166D121BC79444001B2A70 /* ZCAudioTool.h */ = {isa = PBXFileReference; fileEncoding = 4; lastKnownFileType = sourcecode.c.h; path = ZCAudioTool.h; sourceTree = "<group>"; };
		10166D131BC79444001B2A70 /* ZCAudioTool.m */ = {isa = PBXFileReference; fileEncoding = 4; lastKnownFileType = sourcecode.c.objc; path = ZCAudioTool.m; sourceTree = "<group>"; };
		10166D141BC79444001B2A70 /* ZCTradeInputView.h */ = {isa = PBXFileReference; fileEncoding = 4; lastKnownFileType = sourcecode.c.h; path = ZCTradeInputView.h; sourceTree = "<group>"; };
		10166D151BC79444001B2A70 /* ZCTradeInputView.m */ = {isa = PBXFileReference; fileEncoding = 4; lastKnownFileType = sourcecode.c.objc; path = ZCTradeInputView.m; sourceTree = "<group>"; };
		10166D161BC79444001B2A70 /* ZCTradeKeyboard.h */ = {isa = PBXFileReference; fileEncoding = 4; lastKnownFileType = sourcecode.c.h; path = ZCTradeKeyboard.h; sourceTree = "<group>"; };
		10166D171BC79444001B2A70 /* ZCTradeKeyboard.m */ = {isa = PBXFileReference; fileEncoding = 4; lastKnownFileType = sourcecode.c.objc; path = ZCTradeKeyboard.m; sourceTree = "<group>"; };
		10166D181BC79444001B2A70 /* ZCTradeView.h */ = {isa = PBXFileReference; fileEncoding = 4; lastKnownFileType = sourcecode.c.h; path = ZCTradeView.h; sourceTree = "<group>"; };
		10166D191BC79444001B2A70 /* ZCTradeView.m */ = {isa = PBXFileReference; fileEncoding = 4; lastKnownFileType = sourcecode.c.objc; path = ZCTradeView.m; sourceTree = "<group>"; };
		109883431BBA5C5400310F7B /* UIImage+dl.h */ = {isa = PBXFileReference; fileEncoding = 4; lastKnownFileType = sourcecode.c.h; path = "UIImage+dl.h"; sourceTree = "<group>"; };
		109883441BBA5C5400310F7B /* UIImage+dl.m */ = {isa = PBXFileReference; fileEncoding = 4; lastKnownFileType = sourcecode.c.objc; path = "UIImage+dl.m"; sourceTree = "<group>"; };
		1098834A1BBA8CCD00310F7B /* UINavigationBar+dl.h */ = {isa = PBXFileReference; fileEncoding = 4; lastKnownFileType = sourcecode.c.h; path = "UINavigationBar+dl.h"; sourceTree = "<group>"; };
		1098834B1BBA8CCD00310F7B /* UINavigationBar+dl.m */ = {isa = PBXFileReference; fileEncoding = 4; lastKnownFileType = sourcecode.c.objc; path = "UINavigationBar+dl.m"; sourceTree = "<group>"; };
		10C614E31BCD211D00E6B7D7 /* DLVedioTool.h */ = {isa = PBXFileReference; fileEncoding = 4; lastKnownFileType = sourcecode.c.h; path = DLVedioTool.h; sourceTree = "<group>"; };
		10C614E41BCD211D00E6B7D7 /* DLVedioTool.m */ = {isa = PBXFileReference; fileEncoding = 4; lastKnownFileType = sourcecode.c.objc; path = DLVedioTool.m; sourceTree = "<group>"; };
		10C614EA1BCD249900E6B7D7 /* DVCusVideoPlayerView.h */ = {isa = PBXFileReference; fileEncoding = 4; lastKnownFileType = sourcecode.c.h; path = DVCusVideoPlayerView.h; sourceTree = "<group>"; };
		10C614EB1BCD249900E6B7D7 /* DVCusVideoPlayerView.m */ = {isa = PBXFileReference; fileEncoding = 4; lastKnownFileType = sourcecode.c.objc; path = DVCusVideoPlayerView.m; sourceTree = "<group>"; };
		10C614F01BCD276B00E6B7D7 /* ALUITool.h */ = {isa = PBXFileReference; fileEncoding = 4; lastKnownFileType = sourcecode.c.h; path = ALUITool.h; sourceTree = "<group>"; };
		10C614F11BCD276B00E6B7D7 /* ALUITool.m */ = {isa = PBXFileReference; fileEncoding = 4; lastKnownFileType = sourcecode.c.objc; path = ALUITool.m; sourceTree = "<group>"; };
		10C614F41BCD281100E6B7D7 /* UIView+AppendDivideLine.h */ = {isa = PBXFileReference; fileEncoding = 4; lastKnownFileType = sourcecode.c.h; path = "UIView+AppendDivideLine.h"; sourceTree = "<group>"; };
		10C614F51BCD281100E6B7D7 /* UIView+AppendDivideLine.m */ = {isa = PBXFileReference; fileEncoding = 4; lastKnownFileType = sourcecode.c.objc; path = "UIView+AppendDivideLine.m"; sourceTree = "<group>"; };
		10F5306E1BB52A7300189AB8 /* DLBasiceAppearanceSettingTool.h */ = {isa = PBXFileReference; fileEncoding = 4; lastKnownFileType = sourcecode.c.h; path = DLBasiceAppearanceSettingTool.h; sourceTree = "<group>"; };
		10F5306F1BB52A7300189AB8 /* DLBasiceAppearanceSettingTool.m */ = {isa = PBXFileReference; fileEncoding = 4; lastKnownFileType = sourcecode.c.objc; path = DLBasiceAppearanceSettingTool.m; sourceTree = "<group>"; };
		10F530721BB52B1200189AB8 /* UIColor+Utility.h */ = {isa = PBXFileReference; fileEncoding = 4; lastKnownFileType = sourcecode.c.h; path = "UIColor+Utility.h"; sourceTree = "<group>"; };
		10F530731BB52B1200189AB8 /* UIColor+Utility.m */ = {isa = PBXFileReference; fileEncoding = 4; lastKnownFileType = sourcecode.c.objc; path = "UIColor+Utility.m"; sourceTree = "<group>"; };
		10F530781BB52BCD00189AB8 /* YMBaseDataModel.h */ = {isa = PBXFileReference; fileEncoding = 4; lastKnownFileType = sourcecode.c.h; path = YMBaseDataModel.h; sourceTree = "<group>"; };
		10F530791BB52BCD00189AB8 /* YMBaseDataModel.m */ = {isa = PBXFileReference; fileEncoding = 4; lastKnownFileType = sourcecode.c.objc; path = YMBaseDataModel.m; sourceTree = "<group>"; };
		10F5307A1BB52BCD00189AB8 /* YMCategory.h */ = {isa = PBXFileReference; fileEncoding = 4; lastKnownFileType = sourcecode.c.h; path = YMCategory.h; sourceTree = "<group>"; };
		10F5307B1BB52BCD00189AB8 /* YMCategory.m */ = {isa = PBXFileReference; fileEncoding = 4; lastKnownFileType = sourcecode.c.objc; path = YMCategory.m; sourceTree = "<group>"; };
		10F530801BB52BCD00189AB8 /* YMPulsingHaloLayer.h */ = {isa = PBXFileReference; fileEncoding = 4; lastKnownFileType = sourcecode.c.h; path = YMPulsingHaloLayer.h; sourceTree = "<group>"; };
		10F530811BB52BCD00189AB8 /* YMPulsingHaloLayer.m */ = {isa = PBXFileReference; fileEncoding = 4; lastKnownFileType = sourcecode.c.objc; path = YMPulsingHaloLayer.m; sourceTree = "<group>"; };
		10F530821BB52BCD00189AB8 /* YMUtils.h */ = {isa = PBXFileReference; fileEncoding = 4; lastKnownFileType = sourcecode.c.h; path = YMUtils.h; sourceTree = "<group>"; };
		10F530831BB52BCD00189AB8 /* YMUtils.m */ = {isa = PBXFileReference; fileEncoding = 4; lastKnownFileType = sourcecode.c.objc; path = YMUtils.m; sourceTree = "<group>"; };
		10F5308C1BB52C5600189AB8 /* DLCommonMacro.h */ = {isa = PBXFileReference; fileEncoding = 4; lastKnownFileType = sourcecode.c.h; path = DLCommonMacro.h; sourceTree = "<group>"; };
		111D5833FD9DF57CCA6FD44C /* Pods.debug.xcconfig */ = {isa = PBXFileReference; includeInIndex = 1; lastKnownFileType = text.xcconfig; name = Pods.debug.xcconfig; path = "Pods/Target Support Files/Pods/Pods.debug.xcconfig"; sourceTree = "<group>"; };
		D865B841AEC0D6252A287BA9 /* Pods.release.xcconfig */ = {isa = PBXFileReference; includeInIndex = 1; lastKnownFileType = text.xcconfig; name = Pods.release.xcconfig; path = "Pods/Target Support Files/Pods/Pods.release.xcconfig"; sourceTree = "<group>"; };
		F895EE1CDD1D05B335394220 /* libPods.a */ = {isa = PBXFileReference; explicitFileType = archive.ar; includeInIndex = 0; path = libPods.a; sourceTree = BUILT_PRODUCTS_DIR; };
/* End PBXFileReference section */

/* Begin PBXFrameworksBuildPhase section */
		1008F6771BB4DE2900300E12 /* Frameworks */ = {
			isa = PBXFrameworksBuildPhase;
			buildActionMask = 2147483647;
			files = (
				709699E3F5886C5B3FC28731 /* libPods.a in Frameworks */,
			);
			runOnlyForDeploymentPostprocessing = 0;
		};
		1008F6901BB4DE2900300E12 /* Frameworks */ = {
			isa = PBXFrameworksBuildPhase;
			buildActionMask = 2147483647;
			files = (
			);
			runOnlyForDeploymentPostprocessing = 0;
		};
		1008F69B1BB4DE2900300E12 /* Frameworks */ = {
			isa = PBXFrameworksBuildPhase;
			buildActionMask = 2147483647;
			files = (
			);
			runOnlyForDeploymentPostprocessing = 0;
		};
/* End PBXFrameworksBuildPhase section */

/* Begin PBXGroup section */
		10069C1B1BC7683B0066B8E1 /* PasswordView */ = {
			isa = PBXGroup;
			children = (
			);
			path = PasswordView;
			sourceTree = "<group>";
		};
		1007483B1BB90F7100B80020 /* CustomUI */ = {
			isa = PBXGroup;
			children = (
				10C614E91BCD249900E6B7D7 /* CusVideoPlayer */,
				1007483C1BB90F9900B80020 /* DVToolButton.h */,
				1007483D1BB90F9900B80020 /* DVToolButton.m */,
			);
			path = CustomUI;
			sourceTree = "<group>";
		};
		1007483F1BB90FC000B80020 /* Controller */ = {
			isa = PBXGroup;
			children = (
				100748401BB90FF700B80020 /* DLTestListTableViewController.h */,
				100748411BB90FF700B80020 /* DLTestListTableViewController.m */,
				100748431BB911A900B80020 /* CustomeUITest */,
			);
			path = Controller;
			sourceTree = "<group>";
		};
		100748431BB911A900B80020 /* CustomeUITest */ = {
			isa = PBXGroup;
			children = (
				100748441BB911D200B80020 /* DLButtonTestViewController.h */,
				100748451BB911D200B80020 /* DLButtonTestViewController.m */,
				100A7BF31BBA22D900ADBCAF /* DLCollectionViewController.h */,
				100A7BF41BBA22D900ADBCAF /* DLCollectionViewController.m */,
			);
			path = CustomeUITest;
			sourceTree = "<group>";
		};
		100748471BB9125100B80020 /* Category */ = {
			isa = PBXGroup;
			children = (
				100748961BB916B100B80020 /* ALCategoryHeader.h */,
				100748971BB916B100B80020 /* CommenCategories */,
			);
			path = Category;
			sourceTree = "<group>";
		};
		1007488F1BB913BA00B80020 /* Model */ = {
			isa = PBXGroup;
			children = (
				100748901BB913BA00B80020 /* BaseModel.h */,
				100748911BB913BA00B80020 /* BaseModel.m */,
				100748921BB913BA00B80020 /* UploadImageInfo.h */,
				100748931BB913BA00B80020 /* UploadImageInfo.m */,
			);
			path = Model;
			sourceTree = "<group>";
		};
		100748971BB916B100B80020 /* CommenCategories */ = {
			isa = PBXGroup;
			children = (
				109883491BBA8CB300310F7B /* UINavigationBar+Category */,
				100749051BB91CDC00B80020 /* Label+Category */,
				100749081BB91CDC00B80020 /* NSData+Category */,
				1007490D1BB91CDC00B80020 /* NSDate+Category */,
				100749121BB91CDC00B80020 /* NSObject+Category */,
				100749151BB91CDC00B80020 /* NSString+Category */,
				100749201BB91CDC00B80020 /* NSTimer+Category */,
				100749231BB91CDC00B80020 /* NSUserDefaults+Category */,
				100749281BB91CDC00B80020 /* UIButton+Category */,
				1007492B1BB91CDC00B80020 /* UIColor+Category */,
				100749301BB91CDC00B80020 /* UIFont+Category */,
				100749331BB91CDC00B80020 /* UIImage+Category */,
				100749461BB91CDC00B80020 /* UITableViewCell+Category */,
				100749491BB91CDC00B80020 /* UITextField+Category */,
				1007494C1BB91CDC00B80020 /* UIView+Category */,
				1007494F1BB91CDC00B80020 /* UiViewController+Category */,
			);
			path = CommenCategories;
			sourceTree = "<group>";
		};
		100748FD1BB9196D00B80020 /* Tool */ = {
			isa = PBXGroup;
			children = (
				10C614ED1BCD276B00E6B7D7 /* UITool */,
				10C614E21BCD210200E6B7D7 /* MediaTool */,
				100748FE1BB9196D00B80020 /* InternationalControl */,
			);
			path = Tool;
			sourceTree = "<group>";
		};
		100748FE1BB9196D00B80020 /* InternationalControl */ = {
			isa = PBXGroup;
			children = (
				100748FF1BB9196D00B80020 /* ALCommentMethod.h */,
				100749001BB9196D00B80020 /* ALCommentMethod.m */,
				100749011BB9196D00B80020 /* InternationalControl.h */,
				100749021BB9196D00B80020 /* InternationalControl.m */,
			);
			path = InternationalControl;
			sourceTree = "<group>";
		};
		100749051BB91CDC00B80020 /* Label+Category */ = {
			isa = PBXGroup;
			children = (
				100749061BB91CDC00B80020 /* UILabel+WhiteUIDatePickerLabels.h */,
				100749071BB91CDC00B80020 /* UILabel+WhiteUIDatePickerLabels.m */,
			);
			path = "Label+Category";
			sourceTree = "<group>";
		};
		100749081BB91CDC00B80020 /* NSData+Category */ = {
			isa = PBXGroup;
			children = (
				100749091BB91CDC00B80020 /* NSData+Base64.h */,
				1007490A1BB91CDC00B80020 /* NSData+Base64.m */,
				1007490B1BB91CDC00B80020 /* NSData+TrimReturn.h */,
				1007490C1BB91CDC00B80020 /* NSData+TrimReturn.m */,
			);
			path = "NSData+Category";
			sourceTree = "<group>";
		};
		1007490D1BB91CDC00B80020 /* NSDate+Category */ = {
			isa = PBXGroup;
			children = (
				1007490E1BB91CDC00B80020 /* NSDate+Helpers.h */,
				1007490F1BB91CDC00B80020 /* NSDate+Helpers.m */,
				100749101BB91CDC00B80020 /* NSDate-Utilities.h */,
				100749111BB91CDC00B80020 /* NSDate-Utilities.m */,
			);
			path = "NSDate+Category";
			sourceTree = "<group>";
		};
		100749121BB91CDC00B80020 /* NSObject+Category */ = {
			isa = PBXGroup;
			children = (
				100749131BB91CDC00B80020 /* NSObject+Utility.h */,
				100749141BB91CDC00B80020 /* NSObject+Utility.m */,
			);
			path = "NSObject+Category";
			sourceTree = "<group>";
		};
		100749151BB91CDC00B80020 /* NSString+Category */ = {
			isa = PBXGroup;
			children = (
				100749161BB91CDC00B80020 /* NSString+Convert.h */,
				100749171BB91CDC00B80020 /* NSString+Convert.m */,
				100749181BB91CDC00B80020 /* NSString+Extension.h */,
				100749191BB91CDC00B80020 /* NSString+Extension.m */,
				1007491A1BB91CDC00B80020 /* NSString+Helpers.h */,
				1007491B1BB91CDC00B80020 /* NSString+Helpers.m */,
				1007491C1BB91CDC00B80020 /* NSString+size.h */,
				1007491D1BB91CDC00B80020 /* NSString+size.m */,
				1007491E1BB91CDC00B80020 /* NSString+Utility.h */,
				1007491F1BB91CDC00B80020 /* NSString+Utility.m */,
			);
			path = "NSString+Category";
			sourceTree = "<group>";
		};
		100749201BB91CDC00B80020 /* NSTimer+Category */ = {
			isa = PBXGroup;
			children = (
				100749211BB91CDC00B80020 /* NSTimer+blockSupport.h */,
				100749221BB91CDC00B80020 /* NSTimer+blockSupport.m */,
			);
			path = "NSTimer+Category";
			sourceTree = "<group>";
		};
		100749231BB91CDC00B80020 /* NSUserDefaults+Category */ = {
			isa = PBXGroup;
			children = (
				100749241BB91CDC00B80020 /* NSUserDefaults+Helpers.h */,
				100749251BB91CDC00B80020 /* NSUserDefaults+Helpers.m */,
				100749261BB91CDC00B80020 /* NSUserDefaults+Value.h */,
				100749271BB91CDC00B80020 /* NSUserDefaults+Value.m */,
			);
			path = "NSUserDefaults+Category";
			sourceTree = "<group>";
		};
		100749281BB91CDC00B80020 /* UIButton+Category */ = {
			isa = PBXGroup;
			children = (
				10C614F41BCD281100E6B7D7 /* UIView+AppendDivideLine.h */,
				10C614F51BCD281100E6B7D7 /* UIView+AppendDivideLine.m */,
				100749291BB91CDC00B80020 /* UIButton+Extension.h */,
				1007492A1BB91CDC00B80020 /* UIButton+Extension.m */,
			);
			path = "UIButton+Category";
			sourceTree = "<group>";
		};
		1007492B1BB91CDC00B80020 /* UIColor+Category */ = {
			isa = PBXGroup;
			children = (
				1007492C1BB91CDC00B80020 /* UIColor+Helper.h */,
				1007492D1BB91CDC00B80020 /* UIColor+Helper.m */,
				1007492E1BB91CDC00B80020 /* UIColor+Utility.h */,
				1007492F1BB91CDC00B80020 /* UIColor+Utility.m */,
			);
			path = "UIColor+Category";
			sourceTree = "<group>";
		};
		100749301BB91CDC00B80020 /* UIFont+Category */ = {
			isa = PBXGroup;
			children = (
				100749311BB91CDC00B80020 /* UIFont+UserCustomFont.h */,
				100749321BB91CDC00B80020 /* UIFont+UserCustomFont.m */,
			);
			path = "UIFont+Category";
			sourceTree = "<group>";
		};
		100749331BB91CDC00B80020 /* UIImage+Category */ = {
			isa = PBXGroup;
			children = (
				109883431BBA5C5400310F7B /* UIImage+dl.h */,
				109883441BBA5C5400310F7B /* UIImage+dl.m */,
				100749341BB91CDC00B80020 /* UIImage+Alpha.h */,
				100749351BB91CDC00B80020 /* UIImage+Alpha.m */,
				100749361BB91CDC00B80020 /* UIImage+Draw.h */,
				100749371BB91CDC00B80020 /* UIImage+Draw.m */,
				100749381BB91CDC00B80020 /* UIImage+Gif.h */,
				100749391BB91CDC00B80020 /* UIImage+Gif.m */,
				1007493A1BB91CDC00B80020 /* UIImage+Resize.h */,
				1007493B1BB91CDC00B80020 /* UIImage+Resize.m */,
				1007493C1BB91CDC00B80020 /* UIImage+RoundedCorner.h */,
				1007493D1BB91CDC00B80020 /* UIImage+RoundedCorner.m */,
				1007493E1BB91CDC00B80020 /* UIImage+Scale.h */,
				1007493F1BB91CDC00B80020 /* UIImage+Scale.m */,
				100749401BB91CDC00B80020 /* UIImage+UIImageExt.h */,
				100749411BB91CDC00B80020 /* UIImage+UIImageExt.m */,
				100749421BB91CDC00B80020 /* UIImageResizing.h */,
				100749431BB91CDC00B80020 /* UIImageResizing.m */,
				100749441BB91CDC00B80020 /* UIImageView+LBBlurredImage.h */,
				100749451BB91CDC00B80020 /* UIImageView+LBBlurredImage.m */,
			);
			path = "UIImage+Category";
			sourceTree = "<group>";
		};
		100749461BB91CDC00B80020 /* UITableViewCell+Category */ = {
			isa = PBXGroup;
			children = (
				100749471BB91CDC00B80020 /* UITableViewCell+MarkKeyword.h */,
				100749481BB91CDC00B80020 /* UITableViewCell+MarkKeyword.m */,
			);
			path = "UITableViewCell+Category";
			sourceTree = "<group>";
		};
		100749491BB91CDC00B80020 /* UITextField+Category */ = {
			isa = PBXGroup;
			children = (
				1007494A1BB91CDC00B80020 /* UITextField+HideKeyboard.h */,
				1007494B1BB91CDC00B80020 /* UITextField+HideKeyboard.m */,
			);
			path = "UITextField+Category";
			sourceTree = "<group>";
		};
		1007494C1BB91CDC00B80020 /* UIView+Category */ = {
			isa = PBXGroup;
			children = (
				1007494D1BB91CDC00B80020 /* UIView+Helpers.h */,
				1007494E1BB91CDC00B80020 /* UIView+Helpers.m */,
				1007496E1BB91EAE00B80020 /* UIView+AppendDivideLine.h */,
				1007496F1BB91EAE00B80020 /* UIView+AppendDivideLine.m */,
			);
			path = "UIView+Category";
			sourceTree = "<group>";
		};
		1007494F1BB91CDC00B80020 /* UiViewController+Category */ = {
			isa = PBXGroup;
			children = (
			);
			path = "UiViewController+Category";
			sourceTree = "<group>";
		};
		1008F6711BB4DE2900300E12 = {
			isa = PBXGroup;
			children = (
				1008F67C1BB4DE2900300E12 /* DLGenTechBuildup */,
				1008F6961BB4DE2900300E12 /* DLGenTechBuildupTests */,
				1008F6A11BB4DE2900300E12 /* DLGenTechBuildupUITests */,
				1008F67B1BB4DE2900300E12 /* Products */,
				4E0A2E1DC3B676B675741272 /* Pods */,
				E23BE9F065E7C61024012276 /* Frameworks */,
			);
			sourceTree = "<group>";
		};
		1008F67B1BB4DE2900300E12 /* Products */ = {
			isa = PBXGroup;
			children = (
				1008F67A1BB4DE2900300E12 /* DLGenTechBuildup.app */,
				1008F6931BB4DE2900300E12 /* DLGenTechBuildupTests.xctest */,
				1008F69E1BB4DE2900300E12 /* DLGenTechBuildupUITests.xctest */,
			);
			name = Products;
			sourceTree = "<group>";
		};
		1008F67C1BB4DE2900300E12 /* DLGenTechBuildup */ = {
			isa = PBXGroup;
			children = (
				100748FD1BB9196D00B80020 /* Tool */,
				1007488F1BB913BA00B80020 /* Model */,
				1007483F1BB90FC000B80020 /* Controller */,
				100A7BF61BBA22FE00ADBCAF /* View */,
				1007483B1BB90F7100B80020 /* CustomUI */,
				10F5308B1BB52C2C00189AB8 /* Macro */,
				10F530711BB52B1200189AB8 /* Expand */,
				10F5306D1BB52A2700189AB8 /* BaseTool */,
				100748471BB9125100B80020 /* Category */,
				10166D081BC79434001B2A70 /* Vender */,
				1008F6801BB4DE2900300E12 /* AppDelegate.h */,
				1008F6811BB4DE2900300E12 /* AppDelegate.m */,
				1008F6831BB4DE2900300E12 /* ViewController.h */,
				1008F6841BB4DE2900300E12 /* ViewController.m */,
				1008F6861BB4DE2900300E12 /* Main.storyboard */,
				1008F6891BB4DE2900300E12 /* Assets.xcassets */,
				1008F68B1BB4DE2900300E12 /* LaunchScreen.storyboard */,
				1008F68E1BB4DE2900300E12 /* Info.plist */,
				1008F67D1BB4DE2900300E12 /* Supporting Files */,
			);
			path = DLGenTechBuildup;
			sourceTree = "<group>";
		};
		1008F67D1BB4DE2900300E12 /* Supporting Files */ = {
			isa = PBXGroup;
			children = (
				1008F67E1BB4DE2900300E12 /* main.m */,
			);
			name = "Supporting Files";
			sourceTree = "<group>";
		};
		1008F6961BB4DE2900300E12 /* DLGenTechBuildupTests */ = {
			isa = PBXGroup;
			children = (
				1008F6971BB4DE2900300E12 /* DLGenTechBuildupTests.m */,
				1008F6991BB4DE2900300E12 /* Info.plist */,
			);
			path = DLGenTechBuildupTests;
			sourceTree = "<group>";
		};
		1008F6A11BB4DE2900300E12 /* DLGenTechBuildupUITests */ = {
			isa = PBXGroup;
			children = (
				1008F6A21BB4DE2900300E12 /* DLGenTechBuildupUITests.m */,
				1008F6A41BB4DE2900300E12 /* Info.plist */,
			);
			path = DLGenTechBuildupUITests;
			sourceTree = "<group>";
		};
		100A7BF61BBA22FE00ADBCAF /* View */ = {
			isa = PBXGroup;
			children = (
				10069C1B1BC7683B0066B8E1 /* PasswordView */,
				100A7BFA1BBA23F800ADBCAF /* CollectionView */,
			);
			path = View;
			sourceTree = "<group>";
		};
		100A7BFA1BBA23F800ADBCAF /* CollectionView */ = {
			isa = PBXGroup;
			children = (
				100A7BFB1BBA23F800ADBCAF /* DLCollectionExampleView.h */,
				100A7BFC1BBA23F800ADBCAF /* DLCollectionExampleView.m */,
				100A7BFE1BBA247D00ADBCAF /* DLCollectionExampleCell.h */,
				100A7BFF1BBA247D00ADBCAF /* DLCollectionExampleCell.m */,
			);
			path = CollectionView;
			sourceTree = "<group>";
		};
		10166D081BC79434001B2A70 /* Vender */ = {
			isa = PBXGroup;
			children = (
				10166D091BC79444001B2A70 /* ZCTradeView */,
			);
			path = Vender;
			sourceTree = "<group>";
		};
		10166D091BC79444001B2A70 /* ZCTradeView */ = {
			isa = PBXGroup;
			children = (
				10166D0A1BC79444001B2A70 /* NSString+Extension.h */,
				10166D0B1BC79444001B2A70 /* NSString+Extension.m */,
				10166D0C1BC79444001B2A70 /* Singleton.h */,
				10166D0D1BC79444001B2A70 /* trade.bundle */,
				10166D0E1BC79444001B2A70 /* UIAlertView+Quick.h */,
				10166D0F1BC79444001B2A70 /* UIAlertView+Quick.m */,
				10166D101BC79444001B2A70 /* UIView+Extension.h */,
				10166D111BC79444001B2A70 /* UIView+Extension.m */,
				10166D121BC79444001B2A70 /* ZCAudioTool.h */,
				10166D131BC79444001B2A70 /* ZCAudioTool.m */,
				10166D141BC79444001B2A70 /* ZCTradeInputView.h */,
				10166D151BC79444001B2A70 /* ZCTradeInputView.m */,
				10166D161BC79444001B2A70 /* ZCTradeKeyboard.h */,
				10166D171BC79444001B2A70 /* ZCTradeKeyboard.m */,
				10166D181BC79444001B2A70 /* ZCTradeView.h */,
				10166D191BC79444001B2A70 /* ZCTradeView.m */,
			);
			path = ZCTradeView;
			sourceTree = "<group>";
		};
		109883491BBA8CB300310F7B /* UINavigationBar+Category */ = {
			isa = PBXGroup;
			children = (
				1098834A1BBA8CCD00310F7B /* UINavigationBar+dl.h */,
				1098834B1BBA8CCD00310F7B /* UINavigationBar+dl.m */,
			);
			path = "UINavigationBar+Category";
			sourceTree = "<group>";
		};
		10C614E21BCD210200E6B7D7 /* MediaTool */ = {
			isa = PBXGroup;
			children = (
				10C614E31BCD211D00E6B7D7 /* DLVedioTool.h */,
				10C614E41BCD211D00E6B7D7 /* DLVedioTool.m */,
			);
			path = MediaTool;
			sourceTree = "<group>";
		};
		10C614E91BCD249900E6B7D7 /* CusVideoPlayer */ = {
			isa = PBXGroup;
			children = (
				10C614EA1BCD249900E6B7D7 /* DVCusVideoPlayerView.h */,
				10C614EB1BCD249900E6B7D7 /* DVCusVideoPlayerView.m */,
			);
			path = CusVideoPlayer;
			sourceTree = "<group>";
		};
		10C614ED1BCD276B00E6B7D7 /* UITool */ = {
			isa = PBXGroup;
			children = (
				10C614F01BCD276B00E6B7D7 /* ALUITool.h */,
				10C614F11BCD276B00E6B7D7 /* ALUITool.m */,
			);
			path = UITool;
			sourceTree = "<group>";
		};
		10F5306D1BB52A2700189AB8 /* BaseTool */ = {
			isa = PBXGroup;
			children = (
				10F5306E1BB52A7300189AB8 /* DLBasiceAppearanceSettingTool.h */,
				10F5306F1BB52A7300189AB8 /* DLBasiceAppearanceSettingTool.m */,
			);
			path = BaseTool;
			sourceTree = "<group>";
		};
		10F530711BB52B1200189AB8 /* Expand */ = {
			isa = PBXGroup;
			children = (
				10F530751BB52BCD00189AB8 /* Helper */,
				10F530721BB52B1200189AB8 /* UIColor+Utility.h */,
				10F530731BB52B1200189AB8 /* UIColor+Utility.m */,
			);
			path = Expand;
			sourceTree = "<group>";
		};
		10F530751BB52BCD00189AB8 /* Helper */ = {
			isa = PBXGroup;
			children = (
				10F530781BB52BCD00189AB8 /* YMBaseDataModel.h */,
				10F530791BB52BCD00189AB8 /* YMBaseDataModel.m */,
				10F5307A1BB52BCD00189AB8 /* YMCategory.h */,
				10F5307B1BB52BCD00189AB8 /* YMCategory.m */,
				10F530801BB52BCD00189AB8 /* YMPulsingHaloLayer.h */,
				10F530811BB52BCD00189AB8 /* YMPulsingHaloLayer.m */,
				10F530821BB52BCD00189AB8 /* YMUtils.h */,
				10F530831BB52BCD00189AB8 /* YMUtils.m */,
			);
			path = Helper;
			sourceTree = "<group>";
		};
		10F5308B1BB52C2C00189AB8 /* Macro */ = {
			isa = PBXGroup;
			children = (
				10F5308C1BB52C5600189AB8 /* DLCommonMacro.h */,
			);
			path = Macro;
			sourceTree = "<group>";
		};
		4E0A2E1DC3B676B675741272 /* Pods */ = {
			isa = PBXGroup;
			children = (
				111D5833FD9DF57CCA6FD44C /* Pods.debug.xcconfig */,
				D865B841AEC0D6252A287BA9 /* Pods.release.xcconfig */,
			);
			name = Pods;
			sourceTree = "<group>";
		};
		E23BE9F065E7C61024012276 /* Frameworks */ = {
			isa = PBXGroup;
			children = (
				F895EE1CDD1D05B335394220 /* libPods.a */,
			);
			name = Frameworks;
			sourceTree = "<group>";
		};
/* End PBXGroup section */

/* Begin PBXNativeTarget section */
		1008F6791BB4DE2900300E12 /* DLGenTechBuildup */ = {
			isa = PBXNativeTarget;
			buildConfigurationList = 1008F6A71BB4DE2900300E12 /* Build configuration list for PBXNativeTarget "DLGenTechBuildup" */;
			buildPhases = (
				DC806BBE2823B9AC027E8ED5 /* Check Pods Manifest.lock */,
				1008F6761BB4DE2900300E12 /* Sources */,
				1008F6771BB4DE2900300E12 /* Frameworks */,
				1008F6781BB4DE2900300E12 /* Resources */,
				5A33FEF9E3F85C08EA9514EB /* Copy Pods Resources */,
			);
			buildRules = (
			);
			dependencies = (
			);
			name = DLGenTechBuildup;
			productName = DLGenTechBuildup;
			productReference = 1008F67A1BB4DE2900300E12 /* DLGenTechBuildup.app */;
			productType = "com.apple.product-type.application";
		};
		1008F6921BB4DE2900300E12 /* DLGenTechBuildupTests */ = {
			isa = PBXNativeTarget;
			buildConfigurationList = 1008F6AA1BB4DE2900300E12 /* Build configuration list for PBXNativeTarget "DLGenTechBuildupTests" */;
			buildPhases = (
				1008F68F1BB4DE2900300E12 /* Sources */,
				1008F6901BB4DE2900300E12 /* Frameworks */,
				1008F6911BB4DE2900300E12 /* Resources */,
			);
			buildRules = (
			);
			dependencies = (
				1008F6951BB4DE2900300E12 /* PBXTargetDependency */,
			);
			name = DLGenTechBuildupTests;
			productName = DLGenTechBuildupTests;
			productReference = 1008F6931BB4DE2900300E12 /* DLGenTechBuildupTests.xctest */;
			productType = "com.apple.product-type.bundle.unit-test";
		};
		1008F69D1BB4DE2900300E12 /* DLGenTechBuildupUITests */ = {
			isa = PBXNativeTarget;
			buildConfigurationList = 1008F6AD1BB4DE2900300E12 /* Build configuration list for PBXNativeTarget "DLGenTechBuildupUITests" */;
			buildPhases = (
				1008F69A1BB4DE2900300E12 /* Sources */,
				1008F69B1BB4DE2900300E12 /* Frameworks */,
				1008F69C1BB4DE2900300E12 /* Resources */,
			);
			buildRules = (
			);
			dependencies = (
				1008F6A01BB4DE2900300E12 /* PBXTargetDependency */,
			);
			name = DLGenTechBuildupUITests;
			productName = DLGenTechBuildupUITests;
			productReference = 1008F69E1BB4DE2900300E12 /* DLGenTechBuildupUITests.xctest */;
			productType = "com.apple.product-type.bundle.ui-testing";
		};
/* End PBXNativeTarget section */

/* Begin PBXProject section */
		1008F6721BB4DE2900300E12 /* Project object */ = {
			isa = PBXProject;
			attributes = {
				LastUpgradeCheck = 0700;
				ORGANIZATIONNAME = denglong;
				TargetAttributes = {
					1008F6791BB4DE2900300E12 = {
						CreatedOnToolsVersion = 7.0;
					};
					1008F6921BB4DE2900300E12 = {
						CreatedOnToolsVersion = 7.0;
						TestTargetID = 1008F6791BB4DE2900300E12;
					};
					1008F69D1BB4DE2900300E12 = {
						CreatedOnToolsVersion = 7.0;
						TestTargetID = 1008F6791BB4DE2900300E12;
					};
				};
			};
			buildConfigurationList = 1008F6751BB4DE2900300E12 /* Build configuration list for PBXProject "DLGenTechBuildup" */;
			compatibilityVersion = "Xcode 3.2";
			developmentRegion = English;
			hasScannedForEncodings = 0;
			knownRegions = (
				en,
				Base,
			);
			mainGroup = 1008F6711BB4DE2900300E12;
			productRefGroup = 1008F67B1BB4DE2900300E12 /* Products */;
			projectDirPath = "";
			projectRoot = "";
			targets = (
				1008F6791BB4DE2900300E12 /* DLGenTechBuildup */,
				1008F6921BB4DE2900300E12 /* DLGenTechBuildupTests */,
				1008F69D1BB4DE2900300E12 /* DLGenTechBuildupUITests */,
			);
		};
/* End PBXProject section */

/* Begin PBXResourcesBuildPhase section */
		1008F6781BB4DE2900300E12 /* Resources */ = {
			isa = PBXResourcesBuildPhase;
			buildActionMask = 2147483647;
			files = (
				10166D1B1BC79444001B2A70 /* trade.bundle in Resources */,
				1008F68D1BB4DE2900300E12 /* LaunchScreen.storyboard in Resources */,
				1008F68A1BB4DE2900300E12 /* Assets.xcassets in Resources */,
				1008F6881BB4DE2900300E12 /* Main.storyboard in Resources */,
			);
			runOnlyForDeploymentPostprocessing = 0;
		};
		1008F6911BB4DE2900300E12 /* Resources */ = {
			isa = PBXResourcesBuildPhase;
			buildActionMask = 2147483647;
			files = (
			);
			runOnlyForDeploymentPostprocessing = 0;
		};
		1008F69C1BB4DE2900300E12 /* Resources */ = {
			isa = PBXResourcesBuildPhase;
			buildActionMask = 2147483647;
			files = (
			);
			runOnlyForDeploymentPostprocessing = 0;
		};
/* End PBXResourcesBuildPhase section */

/* Begin PBXShellScriptBuildPhase section */
		5A33FEF9E3F85C08EA9514EB /* Copy Pods Resources */ = {
			isa = PBXShellScriptBuildPhase;
			buildActionMask = 2147483647;
			files = (
			);
			inputPaths = (
			);
			name = "Copy Pods Resources";
			outputPaths = (
			);
			runOnlyForDeploymentPostprocessing = 0;
			shellPath = /bin/sh;
			shellScript = "\"${SRCROOT}/Pods/Target Support Files/Pods/Pods-resources.sh\"\n";
			showEnvVarsInLog = 0;
		};
		DC806BBE2823B9AC027E8ED5 /* Check Pods Manifest.lock */ = {
			isa = PBXShellScriptBuildPhase;
			buildActionMask = 2147483647;
			files = (
			);
			inputPaths = (
			);
			name = "Check Pods Manifest.lock";
			outputPaths = (
			);
			runOnlyForDeploymentPostprocessing = 0;
			shellPath = /bin/sh;
			shellScript = "diff \"${PODS_ROOT}/../Podfile.lock\" \"${PODS_ROOT}/Manifest.lock\" > /dev/null\nif [[ $? != 0 ]] ; then\n    cat << EOM\nerror: The sandbox is not in sync with the Podfile.lock. Run 'pod install' or update your CocoaPods installation.\nEOM\n    exit 1\nfi\n";
			showEnvVarsInLog = 0;
		};
/* End PBXShellScriptBuildPhase section */

/* Begin PBXSourcesBuildPhase section */
		1008F6761BB4DE2900300E12 /* Sources */ = {
			isa = PBXSourcesBuildPhase;
			buildActionMask = 2147483647;
			files = (
				100749561BB91CDC00B80020 /* NSString+Convert.m in Sources */,
				10166D1F1BC79444001B2A70 /* ZCTradeInputView.m in Sources */,
				1008F6851BB4DE2900300E12 /* ViewController.m in Sources */,
				100748941BB913BA00B80020 /* BaseModel.m in Sources */,
				10F530701BB52A7300189AB8 /* DLBasiceAppearanceSettingTool.m in Sources */,
				100748461BB911D200B80020 /* DLButtonTestViewController.m in Sources */,
				100749651BB91CDC00B80020 /* UIImage+Resize.m in Sources */,
				1007496C1BB91CDC00B80020 /* UITextField+HideKeyboard.m in Sources */,
				100749671BB91CDC00B80020 /* UIImage+Scale.m in Sources */,
				109883451BBA5C5400310F7B /* UIImage+dl.m in Sources */,
				10166D1C1BC79444001B2A70 /* UIAlertView+Quick.m in Sources */,
				100A7BFD1BBA23F800ADBCAF /* DLCollectionExampleView.m in Sources */,
				10166D201BC79444001B2A70 /* ZCTradeKeyboard.m in Sources */,
				10C614E51BCD211D00E6B7D7 /* DLVedioTool.m in Sources */,
				100749611BB91CDC00B80020 /* UIFont+UserCustomFont.m in Sources */,
				100749531BB91CDC00B80020 /* NSDate+Helpers.m in Sources */,
				10166D1E1BC79444001B2A70 /* ZCAudioTool.m in Sources */,
				10F530861BB52BCD00189AB8 /* YMCategory.m in Sources */,
				100A7C001BBA247D00ADBCAF /* DLCollectionExampleCell.m in Sources */,
				100749571BB91CDC00B80020 /* NSString+Extension.m in Sources */,
				100749681BB91CDC00B80020 /* UIImage+UIImageExt.m in Sources */,
				100749691BB91CDC00B80020 /* UIImageResizing.m in Sources */,
				1007496D1BB91CDC00B80020 /* UIView+Helpers.m in Sources */,
				10C614F61BCD281100E6B7D7 /* UIView+AppendDivideLine.m in Sources */,
				100749501BB91CDC00B80020 /* UILabel+WhiteUIDatePickerLabels.m in Sources */,
				100749701BB91EAE00B80020 /* UIView+AppendDivideLine.m in Sources */,
				100749581BB91CDC00B80020 /* NSString+Helpers.m in Sources */,
				1007495B1BB91CDC00B80020 /* NSTimer+blockSupport.m in Sources */,
				100749041BB9196E00B80020 /* InternationalControl.m in Sources */,
				10F530891BB52BCD00189AB8 /* YMPulsingHaloLayer.m in Sources */,
				1007495E1BB91CDC00B80020 /* UIButton+Extension.m in Sources */,
				10166D1A1BC79444001B2A70 /* NSString+Extension.m in Sources */,
				100749641BB91CDC00B80020 /* UIImage+Gif.m in Sources */,
				100749031BB9196E00B80020 /* ALCommentMethod.m in Sources */,
				1008F6821BB4DE2900300E12 /* AppDelegate.m in Sources */,
				100749521BB91CDC00B80020 /* NSData+TrimReturn.m in Sources */,
				100749621BB91CDC00B80020 /* UIImage+Alpha.m in Sources */,
				100749631BB91CDC00B80020 /* UIImage+Draw.m in Sources */,
				100749541BB91CDC00B80020 /* NSDate-Utilities.m in Sources */,
				1008F67F1BB4DE2900300E12 /* main.m in Sources */,
				10166D1D1BC79444001B2A70 /* UIView+Extension.m in Sources */,
				1098834C1BBA8CCD00310F7B /* UINavigationBar+dl.m in Sources */,
				1007495F1BB91CDC00B80020 /* UIColor+Helper.m in Sources */,
				10C614EC1BCD249900E6B7D7 /* DVCusVideoPlayerView.m in Sources */,
				10F530741BB52B1200189AB8 /* UIColor+Utility.m in Sources */,
				10C614F31BCD276B00E6B7D7 /* ALUITool.m in Sources */,
				10F530851BB52BCD00189AB8 /* YMBaseDataModel.m in Sources */,
				1007495C1BB91CDC00B80020 /* NSUserDefaults+Helpers.m in Sources */,
				100A7BF51BBA22D900ADBCAF /* DLCollectionViewController.m in Sources */,
				1007495A1BB91CDC00B80020 /* NSString+Utility.m in Sources */,
				1007496B1BB91CDC00B80020 /* UITableViewCell+MarkKeyword.m in Sources */,
				10F5308A1BB52BCD00189AB8 /* YMUtils.m in Sources */,
				100749601BB91CDC00B80020 /* UIColor+Utility.m in Sources */,
				1007495D1BB91CDC00B80020 /* NSUserDefaults+Value.m in Sources */,
				100748421BB90FF700B80020 /* DLTestListTableViewController.m in Sources */,
				100749551BB91CDC00B80020 /* NSObject+Utility.m in Sources */,
				1007496A1BB91CDC00B80020 /* UIImageView+LBBlurredImage.m in Sources */,
				100749661BB91CDC00B80020 /* UIImage+RoundedCorner.m in Sources */,
				100749591BB91CDC00B80020 /* NSString+size.m in Sources */,
				1007483E1BB90F9900B80020 /* DVToolButton.m in Sources */,
				100748951BB913BA00B80020 /* UploadImageInfo.m in Sources */,
				10166D211BC79444001B2A70 /* ZCTradeView.m in Sources */,
				100749511BB91CDC00B80020 /* NSData+Base64.m in Sources */,
			);
			runOnlyForDeploymentPostprocessing = 0;
		};
		1008F68F1BB4DE2900300E12 /* Sources */ = {
			isa = PBXSourcesBuildPhase;
			buildActionMask = 2147483647;
			files = (
				1008F6981BB4DE2900300E12 /* DLGenTechBuildupTests.m in Sources */,
			);
			runOnlyForDeploymentPostprocessing = 0;
		};
		1008F69A1BB4DE2900300E12 /* Sources */ = {
			isa = PBXSourcesBuildPhase;
			buildActionMask = 2147483647;
			files = (
				1008F6A31BB4DE2900300E12 /* DLGenTechBuildupUITests.m in Sources */,
			);
			runOnlyForDeploymentPostprocessing = 0;
		};
/* End PBXSourcesBuildPhase section */

/* Begin PBXTargetDependency section */
		1008F6951BB4DE2900300E12 /* PBXTargetDependency */ = {
			isa = PBXTargetDependency;
			target = 1008F6791BB4DE2900300E12 /* DLGenTechBuildup */;
			targetProxy = 1008F6941BB4DE2900300E12 /* PBXContainerItemProxy */;
		};
		1008F6A01BB4DE2900300E12 /* PBXTargetDependency */ = {
			isa = PBXTargetDependency;
			target = 1008F6791BB4DE2900300E12 /* DLGenTechBuildup */;
			targetProxy = 1008F69F1BB4DE2900300E12 /* PBXContainerItemProxy */;
		};
/* End PBXTargetDependency section */

/* Begin PBXVariantGroup section */
		1008F6861BB4DE2900300E12 /* Main.storyboard */ = {
			isa = PBXVariantGroup;
			children = (
				1008F6871BB4DE2900300E12 /* Base */,
			);
			name = Main.storyboard;
			sourceTree = "<group>";
		};
		1008F68B1BB4DE2900300E12 /* LaunchScreen.storyboard */ = {
			isa = PBXVariantGroup;
			children = (
				1008F68C1BB4DE2900300E12 /* Base */,
			);
			name = LaunchScreen.storyboard;
			sourceTree = "<group>";
		};
/* End PBXVariantGroup section */

/* Begin XCBuildConfiguration section */
		1008F6A51BB4DE2900300E12 /* Debug */ = {
			isa = XCBuildConfiguration;
			buildSettings = {
				ALWAYS_SEARCH_USER_PATHS = NO;
				CLANG_CXX_LANGUAGE_STANDARD = "gnu++0x";
				CLANG_CXX_LIBRARY = "libc++";
				CLANG_ENABLE_MODULES = YES;
				CLANG_ENABLE_OBJC_ARC = YES;
				CLANG_WARN_BOOL_CONVERSION = YES;
				CLANG_WARN_CONSTANT_CONVERSION = YES;
				CLANG_WARN_DIRECT_OBJC_ISA_USAGE = YES_ERROR;
				CLANG_WARN_EMPTY_BODY = YES;
				CLANG_WARN_ENUM_CONVERSION = YES;
				CLANG_WARN_INT_CONVERSION = YES;
				CLANG_WARN_OBJC_ROOT_CLASS = YES_ERROR;
				CLANG_WARN_UNREACHABLE_CODE = YES;
				CLANG_WARN__DUPLICATE_METHOD_MATCH = YES;
				"CODE_SIGN_IDENTITY[sdk=iphoneos*]" = "iPhone Developer";
				COPY_PHASE_STRIP = NO;
				DEBUG_INFORMATION_FORMAT = dwarf;
				ENABLE_STRICT_OBJC_MSGSEND = YES;
				ENABLE_TESTABILITY = YES;
				GCC_C_LANGUAGE_STANDARD = gnu99;
				GCC_DYNAMIC_NO_PIC = NO;
				GCC_NO_COMMON_BLOCKS = YES;
				GCC_OPTIMIZATION_LEVEL = 0;
				GCC_PREPROCESSOR_DEFINITIONS = (
					"DEBUG=1",
					"$(inherited)",
				);
				GCC_WARN_64_TO_32_BIT_CONVERSION = YES;
				GCC_WARN_ABOUT_RETURN_TYPE = YES_ERROR;
				GCC_WARN_UNDECLARED_SELECTOR = YES;
				GCC_WARN_UNINITIALIZED_AUTOS = YES_AGGRESSIVE;
				GCC_WARN_UNUSED_FUNCTION = YES;
				GCC_WARN_UNUSED_VARIABLE = YES;
				IPHONEOS_DEPLOYMENT_TARGET = 9.0;
				MTL_ENABLE_DEBUG_INFO = YES;
				ONLY_ACTIVE_ARCH = YES;
				SDKROOT = iphoneos;
				TARGETED_DEVICE_FAMILY = "1,2";
			};
			name = Debug;
		};
		1008F6A61BB4DE2900300E12 /* Release */ = {
			isa = XCBuildConfiguration;
			buildSettings = {
				ALWAYS_SEARCH_USER_PATHS = NO;
				CLANG_CXX_LANGUAGE_STANDARD = "gnu++0x";
				CLANG_CXX_LIBRARY = "libc++";
				CLANG_ENABLE_MODULES = YES;
				CLANG_ENABLE_OBJC_ARC = YES;
				CLANG_WARN_BOOL_CONVERSION = YES;
				CLANG_WARN_CONSTANT_CONVERSION = YES;
				CLANG_WARN_DIRECT_OBJC_ISA_USAGE = YES_ERROR;
				CLANG_WARN_EMPTY_BODY = YES;
				CLANG_WARN_ENUM_CONVERSION = YES;
				CLANG_WARN_INT_CONVERSION = YES;
				CLANG_WARN_OBJC_ROOT_CLASS = YES_ERROR;
				CLANG_WARN_UNREACHABLE_CODE = YES;
				CLANG_WARN__DUPLICATE_METHOD_MATCH = YES;
				"CODE_SIGN_IDENTITY[sdk=iphoneos*]" = "iPhone Developer";
				COPY_PHASE_STRIP = NO;
				DEBUG_INFORMATION_FORMAT = "dwarf-with-dsym";
				ENABLE_NS_ASSERTIONS = NO;
				ENABLE_STRICT_OBJC_MSGSEND = YES;
				GCC_C_LANGUAGE_STANDARD = gnu99;
				GCC_NO_COMMON_BLOCKS = YES;
				GCC_WARN_64_TO_32_BIT_CONVERSION = YES;
				GCC_WARN_ABOUT_RETURN_TYPE = YES_ERROR;
				GCC_WARN_UNDECLARED_SELECTOR = YES;
				GCC_WARN_UNINITIALIZED_AUTOS = YES_AGGRESSIVE;
				GCC_WARN_UNUSED_FUNCTION = YES;
				GCC_WARN_UNUSED_VARIABLE = YES;
				IPHONEOS_DEPLOYMENT_TARGET = 9.0;
				MTL_ENABLE_DEBUG_INFO = NO;
				SDKROOT = iphoneos;
				TARGETED_DEVICE_FAMILY = "1,2";
				VALIDATE_PRODUCT = YES;
			};
			name = Release;
		};
		1008F6A81BB4DE2900300E12 /* Debug */ = {
			isa = XCBuildConfiguration;
			baseConfigurationReference = 111D5833FD9DF57CCA6FD44C /* Pods.debug.xcconfig */;
			buildSettings = {
				ASSETCATALOG_COMPILER_APPICON_NAME = AppIcon;
				INFOPLIST_FILE = DLGenTechBuildup/Info.plist;
				IPHONEOS_DEPLOYMENT_TARGET = 7.0;
				LD_RUNPATH_SEARCH_PATHS = "$(inherited) @executable_path/Frameworks";
				PRODUCT_BUNDLE_IDENTIFIER = com.denglong.cn.DLGenTechBuildup;
				PRODUCT_NAME = "$(TARGET_NAME)";
			};
			name = Debug;
		};
		1008F6A91BB4DE2900300E12 /* Release */ = {
			isa = XCBuildConfiguration;
			baseConfigurationReference = D865B841AEC0D6252A287BA9 /* Pods.release.xcconfig */;
			buildSettings = {
				ASSETCATALOG_COMPILER_APPICON_NAME = AppIcon;
				INFOPLIST_FILE = DLGenTechBuildup/Info.plist;
				IPHONEOS_DEPLOYMENT_TARGET = 7.0;
				LD_RUNPATH_SEARCH_PATHS = "$(inherited) @executable_path/Frameworks";
				PRODUCT_BUNDLE_IDENTIFIER = com.denglong.cn.DLGenTechBuildup;
				PRODUCT_NAME = "$(TARGET_NAME)";
			};
			name = Release;
		};
		1008F6AB1BB4DE2900300E12 /* Debug */ = {
			isa = XCBuildConfiguration;
			buildSettings = {
				BUNDLE_LOADER = "$(TEST_HOST)";
				INFOPLIST_FILE = DLGenTechBuildupTests/Info.plist;
				LD_RUNPATH_SEARCH_PATHS = "$(inherited) @executable_path/Frameworks @loader_path/Frameworks";
				PRODUCT_BUNDLE_IDENTIFIER = com.denglong.cn.DLGenTechBuildupTests;
				PRODUCT_NAME = "$(TARGET_NAME)";
				TEST_HOST = "$(BUILT_PRODUCTS_DIR)/DLGenTechBuildup.app/DLGenTechBuildup";
			};
			name = Debug;
		};
		1008F6AC1BB4DE2900300E12 /* Release */ = {
			isa = XCBuildConfiguration;
			buildSettings = {
				BUNDLE_LOADER = "$(TEST_HOST)";
				INFOPLIST_FILE = DLGenTechBuildupTests/Info.plist;
				LD_RUNPATH_SEARCH_PATHS = "$(inherited) @executable_path/Frameworks @loader_path/Frameworks";
				PRODUCT_BUNDLE_IDENTIFIER = com.denglong.cn.DLGenTechBuildupTests;
				PRODUCT_NAME = "$(TARGET_NAME)";
				TEST_HOST = "$(BUILT_PRODUCTS_DIR)/DLGenTechBuildup.app/DLGenTechBuildup";
			};
			name = Release;
		};
		1008F6AE1BB4DE2900300E12 /* Debug */ = {
			isa = XCBuildConfiguration;
			buildSettings = {
				INFOPLIST_FILE = DLGenTechBuildupUITests/Info.plist;
				LD_RUNPATH_SEARCH_PATHS = "$(inherited) @executable_path/Frameworks @loader_path/Frameworks";
				PRODUCT_BUNDLE_IDENTIFIER = com.denglong.cn.DLGenTechBuildupUITests;
				PRODUCT_NAME = "$(TARGET_NAME)";
				TEST_TARGET_NAME = DLGenTechBuildup;
				USES_XCTRUNNER = YES;
			};
			name = Debug;
		};
		1008F6AF1BB4DE2900300E12 /* Release */ = {
			isa = XCBuildConfiguration;
			buildSettings = {
				INFOPLIST_FILE = DLGenTechBuildupUITests/Info.plist;
				LD_RUNPATH_SEARCH_PATHS = "$(inherited) @executable_path/Frameworks @loader_path/Frameworks";
				PRODUCT_BUNDLE_IDENTIFIER = com.denglong.cn.DLGenTechBuildupUITests;
				PRODUCT_NAME = "$(TARGET_NAME)";
				TEST_TARGET_NAME = DLGenTechBuildup;
				USES_XCTRUNNER = YES;
			};
			name = Release;
		};
/* End XCBuildConfiguration section */

/* Begin XCConfigurationList section */
		1008F6751BB4DE2900300E12 /* Build configuration list for PBXProject "DLGenTechBuildup" */ = {
			isa = XCConfigurationList;
			buildConfigurations = (
				1008F6A51BB4DE2900300E12 /* Debug */,
				1008F6A61BB4DE2900300E12 /* Release */,
			);
			defaultConfigurationIsVisible = 0;
			defaultConfigurationName = Release;
		};
		1008F6A71BB4DE2900300E12 /* Build configuration list for PBXNativeTarget "DLGenTechBuildup" */ = {
			isa = XCConfigurationList;
			buildConfigurations = (
				1008F6A81BB4DE2900300E12 /* Debug */,
				1008F6A91BB4DE2900300E12 /* Release */,
			);
			defaultConfigurationIsVisible = 0;
			defaultConfigurationName = Release;
		};
		1008F6AA1BB4DE2900300E12 /* Build configuration list for PBXNativeTarget "DLGenTechBuildupTests" */ = {
			isa = XCConfigurationList;
			buildConfigurations = (
				1008F6AB1BB4DE2900300E12 /* Debug */,
				1008F6AC1BB4DE2900300E12 /* Release */,
			);
			defaultConfigurationIsVisible = 0;
			defaultConfigurationName = Release;
		};
		1008F6AD1BB4DE2900300E12 /* Build configuration list for PBXNativeTarget "DLGenTechBuildupUITests" */ = {
			isa = XCConfigurationList;
			buildConfigurations = (
				1008F6AE1BB4DE2900300E12 /* Debug */,
				1008F6AF1BB4DE2900300E12 /* Release */,
			);
			defaultConfigurationIsVisible = 0;
			defaultConfigurationName = Release;
		};
/* End XCConfigurationList section */
	};
	rootObject = 1008F6721BB4DE2900300E12 /* Project object */;
}
